// !$*UTF8*$!
{
	archiveVersion = 1;
	classes = {
	};
	objectVersion = 77;
	objects = {

/* Begin PBXBuildFile section */
		2DB64810F5E65FAF84096EF4 /* Pods_Prestige.framework in Frameworks */ = {isa = PBXBuildFile; fileRef = 6708FF44CA36A94DEDBD9401 /* Pods_Prestige.framework */; };
		5A31D8AE44BC805F7A761092 /* Pods_PrestigeUITests.framework in Frameworks */ = {isa = PBXBuildFile; fileRef = 326333BC2CBA254A53323032 /* Pods_PrestigeUITests.framework */; };
		63097E682DECE38D00137CD1 /* FirebaseAnalyticsOnDeviceConversion in Frameworks */ = {isa = PBXBuildFile; productRef = 63097E672DECE38D00137CD1 /* FirebaseAnalyticsOnDeviceConversion */; };
		63097E6A2DECE38D00137CD1 /* FirebaseAnalyticsWithoutAdIdSupport in Frameworks */ = {isa = PBXBuildFile; productRef = 63097E692DECE38D00137CD1 /* FirebaseAnalyticsWithoutAdIdSupport */; };
		63097E6C2DECE38D00137CD1 /* FirebaseAppCheck in Frameworks */ = {isa = PBXBuildFile; productRef = 63097E6B2DECE38D00137CD1 /* FirebaseAppCheck */; };
		63097E6E2DECE38D00137CD1 /* FirebaseAppDistribution-Beta in Frameworks */ = {isa = PBXBuildFile; productRef = 63097E6D2DECE38D00137CD1 /* FirebaseAppDistribution-Beta */; };
		63097E702DECE38D00137CD1 /* FirebaseAuth in Frameworks */ = {isa = PBXBuildFile; productRef = 63097E6F2DECE38D00137CD1 /* FirebaseAuth */; };
		63097E722DECE38D00137CD1 /* FirebaseAuthCombine-Community in Frameworks */ = {isa = PBXBuildFile; productRef = 63097E712DECE38D00137CD1 /* FirebaseAuthCombine-Community */; };
		63097E742DECE38D00137CD1 /* FirebaseCore in Frameworks */ = {isa = PBXBuildFile; productRef = 63097E732DECE38D00137CD1 /* FirebaseCore */; };
		63097E762DECE38D00137CD1 /* FirebaseCrashlytics in Frameworks */ = {isa = PBXBuildFile; productRef = 63097E752DECE38D00137CD1 /* FirebaseCrashlytics */; };
		63097E782DECE38D00137CD1 /* FirebaseDatabase in Frameworks */ = {isa = PBXBuildFile; productRef = 63097E772DECE38D00137CD1 /* FirebaseDatabase */; };
		63097E7A2DECE38D00137CD1 /* FirebaseDynamicLinks in Frameworks */ = {isa = PBXBuildFile; productRef = 63097E792DECE38D00137CD1 /* FirebaseDynamicLinks */; };
		63097E7C2DECE38D00137CD1 /* FirebaseFirestore in Frameworks */ = {isa = PBXBuildFile; productRef = 63097E7B2DECE38D00137CD1 /* FirebaseFirestore */; };
		63097E7E2DECE38D00137CD1 /* FirebaseFirestoreCombine-Community in Frameworks */ = {isa = PBXBuildFile; productRef = 63097E7D2DECE38D00137CD1 /* FirebaseFirestoreCombine-Community */; };
		63097E802DECE38D00137CD1 /* FirebaseFunctions in Frameworks */ = {isa = PBXBuildFile; productRef = 63097E7F2DECE38D00137CD1 /* FirebaseFunctions */; };
		63097E822DECE38D00137CD1 /* FirebaseFunctionsCombine-Community in Frameworks */ = {isa = PBXBuildFile; productRef = 63097E812DECE38D00137CD1 /* FirebaseFunctionsCombine-Community */; };
		63097E842DECE38D00137CD1 /* FirebaseInAppMessaging-Beta in Frameworks */ = {isa = PBXBuildFile; productRef = 63097E832DECE38D00137CD1 /* FirebaseInAppMessaging-Beta */; };
		63097E862DECE38D00137CD1 /* FirebaseInstallations in Frameworks */ = {isa = PBXBuildFile; productRef = 63097E852DECE38D00137CD1 /* FirebaseInstallations */; };
		63097E882DECE38D00137CD1 /* FirebaseMLModelDownloader in Frameworks */ = {isa = PBXBuildFile; productRef = 63097E872DECE38D00137CD1 /* FirebaseMLModelDownloader */; };
		63097E8A2DECE38D00137CD1 /* FirebaseMessaging in Frameworks */ = {isa = PBXBuildFile; productRef = 63097E892DECE38D00137CD1 /* FirebaseMessaging */; };
		63097E8C2DECE38D00137CD1 /* FirebasePerformance in Frameworks */ = {isa = PBXBuildFile; productRef = 63097E8B2DECE38D00137CD1 /* FirebasePerformance */; };
		63097E8E2DECE38D00137CD1 /* FirebaseRemoteConfig in Frameworks */ = {isa = PBXBuildFile; productRef = 63097E8D2DECE38D00137CD1 /* FirebaseRemoteConfig */; };
		63097E902DECE38D00137CD1 /* FirebaseStorage in Frameworks */ = {isa = PBXBuildFile; productRef = 63097E8F2DECE38D00137CD1 /* FirebaseStorage */; };
		63097E922DECE38D00137CD1 /* FirebaseStorageCombine-Community in Frameworks */ = {isa = PBXBuildFile; productRef = 63097E912DECE38D00137CD1 /* FirebaseStorageCombine-Community */; };
		63097E942DECE38D00137CD1 /* FirebaseVertexAI in Frameworks */ = {isa = PBXBuildFile; productRef = 63097E932DECE38D00137CD1 /* FirebaseVertexAI */; };
		63C8E7482E0103BC00C55B80 /* FirebaseAnalytics in Frameworks */ = {isa = PBXBuildFile; productRef = 63C8E7472E0103BC00C55B80 /* FirebaseAnalytics */; };
		B59C23E82DD30E30007556A7 /* FirebaseAuth in Frameworks */ = {isa = PBXBuildFile; productRef = B59C23E72DD30E30007556A7 /* FirebaseAuth */; };
		B59C23EA2DD30E30007556A7 /* FirebaseCore in Frameworks */ = {isa = PBXBuildFile; productRef = B59C23E92DD30E30007556A7 /* FirebaseCore */; };
		B59C23EC2DD30E30007556A7 /* FirebaseFirestore in Frameworks */ = {isa = PBXBuildFile; productRef = B59C23EB2DD30E30007556A7 /* FirebaseFirestore */; };
		B59C24202DD31982007556A7 /* FirebaseStorage in Frameworks */ = {isa = PBXBuildFile; productRef = B59C241F2DD31982007556A7 /* FirebaseStorage */; };
		D3CC775670802BBB8709E00E /* Pods_PrestigeTests.framework in Frameworks */ = {isa = PBXBuildFile; fileRef = 3F52D68D8ABE3971DA9951B9 /* Pods_PrestigeTests.framework */; };
/* End PBXBuildFile section */

/* Begin PBXContainerItemProxy section */
		B5A5A0E42DC3F5DB00C7F5BE /* PBXContainerItemProxy */ = {
			isa = PBXContainerItemProxy;
			containerPortal = B5A5A0CE2DC3F5D900C7F5BE /* Project object */;
			proxyType = 1;
			remoteGlobalIDString = B5A5A0D52DC3F5D900C7F5BE;
			remoteInfo = Prestige;
		};
		B5A5A0EE2DC3F5DB00C7F5BE /* PBXContainerItemProxy */ = {
			isa = PBXContainerItemProxy;
			containerPortal = B5A5A0CE2DC3F5D900C7F5BE /* Project object */;
			proxyType = 1;
			remoteGlobalIDString = B5A5A0D52DC3F5D900C7F5BE;
			remoteInfo = Prestige;
		};
/* End PBXContainerItemProxy section */

/* Begin PBXFileReference section */
		2F181F99AE7E750BCD54676C /* Pods-Prestige.debug.xcconfig */ = {isa = PBXFileReference; includeInIndex = 1; lastKnownFileType = text.xcconfig; name = "Pods-Prestige.debug.xcconfig"; path = "Target Support Files/Pods-Prestige/Pods-Prestige.debug.xcconfig"; sourceTree = "<group>"; };
		326333BC2CBA254A53323032 /* Pods_PrestigeUITests.framework */ = {isa = PBXFileReference; explicitFileType = wrapper.framework; includeInIndex = 0; path = Pods_PrestigeUITests.framework; sourceTree = BUILT_PRODUCTS_DIR; };
		3AA3E69F237A4C5B9C4FA511 /* Pods-PrestigeUITests.debug.xcconfig */ = {isa = PBXFileReference; includeInIndex = 1; lastKnownFileType = text.xcconfig; name = "Pods-PrestigeUITests.debug.xcconfig"; path = "Target Support Files/Pods-PrestigeUITests/Pods-PrestigeUITests.debug.xcconfig"; sourceTree = "<group>"; };
		3F52D68D8ABE3971DA9951B9 /* Pods_PrestigeTests.framework */ = {isa = PBXFileReference; explicitFileType = wrapper.framework; includeInIndex = 0; path = Pods_PrestigeTests.framework; sourceTree = BUILT_PRODUCTS_DIR; };
		644F8A2EF3A3E146317A105C /* Pods-PrestigeUITests.release.xcconfig */ = {isa = PBXFileReference; includeInIndex = 1; lastKnownFileType = text.xcconfig; name = "Pods-PrestigeUITests.release.xcconfig"; path = "Target Support Files/Pods-PrestigeUITests/Pods-PrestigeUITests.release.xcconfig"; sourceTree = "<group>"; };
		6708FF44CA36A94DEDBD9401 /* Pods_Prestige.framework */ = {isa = PBXFileReference; explicitFileType = wrapper.framework; includeInIndex = 0; path = Pods_Prestige.framework; sourceTree = BUILT_PRODUCTS_DIR; };
		70E6DDA45FD4EAEBE262272C /* Pods-Prestige.release.xcconfig */ = {isa = PBXFileReference; includeInIndex = 1; lastKnownFileType = text.xcconfig; name = "Pods-Prestige.release.xcconfig"; path = "Target Support Files/Pods-Prestige/Pods-Prestige.release.xcconfig"; sourceTree = "<group>"; };
		77C6C4B6A2D5E9D39453275D /* Pods-PrestigeTests.release.xcconfig */ = {isa = PBXFileReference; includeInIndex = 1; lastKnownFileType = text.xcconfig; name = "Pods-PrestigeTests.release.xcconfig"; path = "Target Support Files/Pods-PrestigeTests/Pods-PrestigeTests.release.xcconfig"; sourceTree = "<group>"; };
		9487828C609359EB3BEB5CCD /* Pods-PrestigeTests.debug.xcconfig */ = {isa = PBXFileReference; includeInIndex = 1; lastKnownFileType = text.xcconfig; name = "Pods-PrestigeTests.debug.xcconfig"; path = "Target Support Files/Pods-PrestigeTests/Pods-PrestigeTests.debug.xcconfig"; sourceTree = "<group>"; };
		B5A5A0D62DC3F5D900C7F5BE /* Prestige.app */ = {isa = PBXFileReference; explicitFileType = wrapper.application; includeInIndex = 0; path = Prestige.app; sourceTree = BUILT_PRODUCTS_DIR; };
		B5A5A0E32DC3F5DB00C7F5BE /* PrestigeTests.xctest */ = {isa = PBXFileReference; explicitFileType = wrapper.cfbundle; includeInIndex = 0; path = PrestigeTests.xctest; sourceTree = BUILT_PRODUCTS_DIR; };
		B5A5A0ED2DC3F5DB00C7F5BE /* PrestigeUITests.xctest */ = {isa = PBXFileReference; explicitFileType = wrapper.cfbundle; includeInIndex = 0; path = PrestigeUITests.xctest; sourceTree = BUILT_PRODUCTS_DIR; };
/* End PBXFileReference section */

/* Begin PBXFileSystemSynchronizedRootGroup section */
		B5A5A0D82DC3F5D900C7F5BE /* Prestige */ = {
			isa = PBXFileSystemSynchronizedRootGroup;
			exceptions = (
			);
			path = Prestige;
			sourceTree = "<group>";
		};
		B5A5A0E62DC3F5DB00C7F5BE /* PrestigeTests */ = {
			isa = PBXFileSystemSynchronizedRootGroup;
			exceptions = (
			);
			path = PrestigeTests;
			sourceTree = "<group>";
		};
		B5A5A0F02DC3F5DB00C7F5BE /* PrestigeUITests */ = {
			isa = PBXFileSystemSynchronizedRootGroup;
			exceptions = (
			);
			path = PrestigeUITests;
			sourceTree = "<group>";
		};
/* End PBXFileSystemSynchronizedRootGroup section */

/* Begin PBXFrameworksBuildPhase section */
		B5A5A0D32DC3F5D900C7F5BE /* Frameworks */ = {
			isa = PBXFrameworksBuildPhase;
			buildActionMask = 2147483647;
			files = (
				63097E6C2DECE38D00137CD1 /* FirebaseAppCheck in Frameworks */,
				63097E942DECE38D00137CD1 /* FirebaseVertexAI in Frameworks */,
				B59C23EA2DD30E30007556A7 /* FirebaseCore in Frameworks */,
				63097E682DECE38D00137CD1 /* FirebaseAnalyticsOnDeviceConversion in Frameworks */,
				63097E922DECE38D00137CD1 /* FirebaseStorageCombine-Community in Frameworks */,
				63097E862DECE38D00137CD1 /* FirebaseInstallations in Frameworks */,
				B59C24202DD31982007556A7 /* FirebaseStorage in Frameworks */,
				B59C23E82DD30E30007556A7 /* FirebaseAuth in Frameworks */,
				63097E842DECE38D00137CD1 /* FirebaseInAppMessaging-Beta in Frameworks */,
				63097E762DECE38D00137CD1 /* FirebaseCrashlytics in Frameworks */,
				63097E782DECE38D00137CD1 /* FirebaseDatabase in Frameworks */,
				63097E822DECE38D00137CD1 /* FirebaseFunctionsCombine-Community in Frameworks */,
				63097E6A2DECE38D00137CD1 /* FirebaseAnalyticsWithoutAdIdSupport in Frameworks */,
				63097E8E2DECE38D00137CD1 /* FirebaseRemoteConfig in Frameworks */,
				63097E8A2DECE38D00137CD1 /* FirebaseMessaging in Frameworks */,
				63097E882DECE38D00137CD1 /* FirebaseMLModelDownloader in Frameworks */,
				63097E8C2DECE38D00137CD1 /* FirebasePerformance in Frameworks */,
				B59C23EC2DD30E30007556A7 /* FirebaseFirestore in Frameworks */,
				63097E6E2DECE38D00137CD1 /* FirebaseAppDistribution-Beta in Frameworks */,
				63097E722DECE38D00137CD1 /* FirebaseAuthCombine-Community in Frameworks */,
				63097E802DECE38D00137CD1 /* FirebaseFunctions in Frameworks */,
				63097E7A2DECE38D00137CD1 /* FirebaseDynamicLinks in Frameworks */,
				63097E7E2DECE38D00137CD1 /* FirebaseFirestoreCombine-Community in Frameworks */,
				63C8E7482E0103BC00C55B80 /* FirebaseAnalytics in Frameworks */,
				2DB64810F5E65FAF84096EF4 /* Pods_Prestige.framework in Frameworks */,
			);
			runOnlyForDeploymentPostprocessing = 0;
		};
		B5A5A0E02DC3F5DB00C7F5BE /* Frameworks */ = {
			isa = PBXFrameworksBuildPhase;
			buildActionMask = 2147483647;
			files = (
				63097E742DECE38D00137CD1 /* FirebaseCore in Frameworks */,
				63097E902DECE38D00137CD1 /* FirebaseStorage in Frameworks */,
				63097E702DECE38D00137CD1 /* FirebaseAuth in Frameworks */,
				63097E7C2DECE38D00137CD1 /* FirebaseFirestore in Frameworks */,
				D3CC775670802BBB8709E00E /* Pods_PrestigeTests.framework in Frameworks */,
			);
			runOnlyForDeploymentPostprocessing = 0;
		};
		B5A5A0EA2DC3F5DB00C7F5BE /* Frameworks */ = {
			isa = PBXFrameworksBuildPhase;
			buildActionMask = 2147483647;
			files = (
				5A31D8AE44BC805F7A761092 /* Pods_PrestigeUITests.framework in Frameworks */,
			);
			runOnlyForDeploymentPostprocessing = 0;
		};
/* End PBXFrameworksBuildPhase section */

/* Begin PBXGroup section */
		1026DD321EEA53AC2A8CEB66 /* Frameworks */ = {
			isa = PBXGroup;
			children = (
				6708FF44CA36A94DEDBD9401 /* Pods_Prestige.framework */,
				3F52D68D8ABE3971DA9951B9 /* Pods_PrestigeTests.framework */,
				326333BC2CBA254A53323032 /* Pods_PrestigeUITests.framework */,
			);
			name = Frameworks;
			sourceTree = "<group>";
		};
		A628DB5335433AA5A37EBA0D /* Pods */ = {
			isa = PBXGroup;
			children = (
				2F181F99AE7E750BCD54676C /* Pods-Prestige.debug.xcconfig */,
				70E6DDA45FD4EAEBE262272C /* Pods-Prestige.release.xcconfig */,
				9487828C609359EB3BEB5CCD /* Pods-PrestigeTests.debug.xcconfig */,
				77C6C4B6A2D5E9D39453275D /* Pods-PrestigeTests.release.xcconfig */,
				3AA3E69F237A4C5B9C4FA511 /* Pods-PrestigeUITests.debug.xcconfig */,
				644F8A2EF3A3E146317A105C /* Pods-PrestigeUITests.release.xcconfig */,
			);
			path = Pods;
			sourceTree = "<group>";
		};
		B5A5A0CD2DC3F5D900C7F5BE = {
			isa = PBXGroup;
			children = (
				B5A5A0D82DC3F5D900C7F5BE /* Prestige */,
				B5A5A0E62DC3F5DB00C7F5BE /* PrestigeTests */,
				B5A5A0F02DC3F5DB00C7F5BE /* PrestigeUITests */,
				B5A5A0D72DC3F5D900C7F5BE /* Products */,
				A628DB5335433AA5A37EBA0D /* Pods */,
				1026DD321EEA53AC2A8CEB66 /* Frameworks */,
			);
			sourceTree = "<group>";
		};
		B5A5A0D72DC3F5D900C7F5BE /* Products */ = {
			isa = PBXGroup;
			children = (
				B5A5A0D62DC3F5D900C7F5BE /* Prestige.app */,
				B5A5A0E32DC3F5DB00C7F5BE /* PrestigeTests.xctest */,
				B5A5A0ED2DC3F5DB00C7F5BE /* PrestigeUITests.xctest */,
			);
			name = Products;
			sourceTree = "<group>";
		};
/* End PBXGroup section */

/* Begin PBXNativeTarget section */
		B5A5A0D52DC3F5D900C7F5BE /* Prestige */ = {
			isa = PBXNativeTarget;
			buildConfigurationList = B5A5A0F72DC3F5DB00C7F5BE /* Build configuration list for PBXNativeTarget "Prestige" */;
			buildPhases = (
				D3AD06D5A1A17B9117FF396D /* [CP] Check Pods Manifest.lock */,
				B5A5A0D22DC3F5D900C7F5BE /* Sources */,
				B5A5A0D32DC3F5D900C7F5BE /* Frameworks */,
				B5A5A0D42DC3F5D900C7F5BE /* Resources */,
				D1B5CACC1FBE75B22E561849 /* [CP] Embed Pods Frameworks */,
			);
			buildRules = (
			);
			dependencies = (
			);
			fileSystemSynchronizedGroups = (
				B5A5A0D82DC3F5D900C7F5BE /* Prestige */,
			);
			name = Prestige;
			packageProductDependencies = (
				B59C23E72DD30E30007556A7 /* FirebaseAuth */,
				B59C23E92DD30E30007556A7 /* FirebaseCore */,
				B59C23EB2DD30E30007556A7 /* FirebaseFirestore */,
				B59C241F2DD31982007556A7 /* FirebaseStorage */,
				63097E672DECE38D00137CD1 /* FirebaseAnalyticsOnDeviceConversion */,
				63097E692DECE38D00137CD1 /* FirebaseAnalyticsWithoutAdIdSupport */,
				63097E6B2DECE38D00137CD1 /* FirebaseAppCheck */,
				63097E6D2DECE38D00137CD1 /* FirebaseAppDistribution-Beta */,
				63097E712DECE38D00137CD1 /* FirebaseAuthCombine-Community */,
				63097E752DECE38D00137CD1 /* FirebaseCrashlytics */,
				63097E772DECE38D00137CD1 /* FirebaseDatabase */,
				63097E792DECE38D00137CD1 /* FirebaseDynamicLinks */,
				63097E7D2DECE38D00137CD1 /* FirebaseFirestoreCombine-Community */,
				63097E7F2DECE38D00137CD1 /* FirebaseFunctions */,
				63097E812DECE38D00137CD1 /* FirebaseFunctionsCombine-Community */,
				63097E832DECE38D00137CD1 /* FirebaseInAppMessaging-Beta */,
				63097E852DECE38D00137CD1 /* FirebaseInstallations */,
				63097E872DECE38D00137CD1 /* FirebaseMLModelDownloader */,
				63097E892DECE38D00137CD1 /* FirebaseMessaging */,
				63097E8B2DECE38D00137CD1 /* FirebasePerformance */,
				63097E8D2DECE38D00137CD1 /* FirebaseRemoteConfig */,
				63097E912DECE38D00137CD1 /* FirebaseStorageCombine-Community */,
				63097E932DECE38D00137CD1 /* FirebaseVertexAI */,
				63C8E7472E0103BC00C55B80 /* FirebaseAnalytics */,
			);
			productName = Prestige;
			productReference = B5A5A0D62DC3F5D900C7F5BE /* Prestige.app */;
			productType = "com.apple.product-type.application";
		};
		B5A5A0E22DC3F5DB00C7F5BE /* PrestigeTests */ = {
			isa = PBXNativeTarget;
			buildConfigurationList = B5A5A0FA2DC3F5DB00C7F5BE /* Build configuration list for PBXNativeTarget "PrestigeTests" */;
			buildPhases = (
				53B866F3A690A92E9AD7930B /* [CP] Check Pods Manifest.lock */,
				B5A5A0DF2DC3F5DB00C7F5BE /* Sources */,
				B5A5A0E02DC3F5DB00C7F5BE /* Frameworks */,
				B5A5A0E12DC3F5DB00C7F5BE /* Resources */,
			);
			buildRules = (
			);
			dependencies = (
				B5A5A0E52DC3F5DB00C7F5BE /* PBXTargetDependency */,
			);
			fileSystemSynchronizedGroups = (
				B5A5A0E62DC3F5DB00C7F5BE /* PrestigeTests */,
			);
			name = PrestigeTests;
			packageProductDependencies = (
				63097E6F2DECE38D00137CD1 /* FirebaseAuth */,
				63097E732DECE38D00137CD1 /* FirebaseCore */,
				63097E7B2DECE38D00137CD1 /* FirebaseFirestore */,
				63097E8F2DECE38D00137CD1 /* FirebaseStorage */,
			);
			productName = PrestigeTests;
			productReference = B5A5A0E32DC3F5DB00C7F5BE /* PrestigeTests.xctest */;
			productType = "com.apple.product-type.bundle.unit-test";
		};
		B5A5A0EC2DC3F5DB00C7F5BE /* PrestigeUITests */ = {
			isa = PBXNativeTarget;
			buildConfigurationList = B5A5A0FD2DC3F5DB00C7F5BE /* Build configuration list for PBXNativeTarget "PrestigeUITests" */;
			buildPhases = (
				77D764207F93DEFF84699139 /* [CP] Check Pods Manifest.lock */,
				B5A5A0E92DC3F5DB00C7F5BE /* Sources */,
				B5A5A0EA2DC3F5DB00C7F5BE /* Frameworks */,
				B5A5A0EB2DC3F5DB00C7F5BE /* Resources */,
			);
			buildRules = (
			);
			dependencies = (
				B5A5A0EF2DC3F5DB00C7F5BE /* PBXTargetDependency */,
			);
			fileSystemSynchronizedGroups = (
				B5A5A0F02DC3F5DB00C7F5BE /* PrestigeUITests */,
			);
			name = PrestigeUITests;
			productName = PrestigeUITests;
			productReference = B5A5A0ED2DC3F5DB00C7F5BE /* PrestigeUITests.xctest */;
			productType = "com.apple.product-type.bundle.ui-testing";
		};
/* End PBXNativeTarget section */

/* Begin PBXProject section */
		B5A5A0CE2DC3F5D900C7F5BE /* Project object */ = {
			isa = PBXProject;
			attributes = {
				BuildIndependentTargetsInParallel = 1;
				LastSwiftUpdateCheck = 1630;
				LastUpgradeCheck = 1630;
				TargetAttributes = {
					B5A5A0D52DC3F5D900C7F5BE = {
						CreatedOnToolsVersion = 16.3;
					};
					B5A5A0E22DC3F5DB00C7F5BE = {
						CreatedOnToolsVersion = 16.3;
						TestTargetID = B5A5A0D52DC3F5D900C7F5BE;
					};
					B5A5A0EC2DC3F5DB00C7F5BE = {
						CreatedOnToolsVersion = 16.3;
						TestTargetID = B5A5A0D52DC3F5D900C7F5BE;
					};
				};
			};
			buildConfigurationList = B5A5A0D12DC3F5D900C7F5BE /* Build configuration list for PBXProject "Prestige" */;
			developmentRegion = en;
			hasScannedForEncodings = 0;
			knownRegions = (
				en,
				Base,
			);
			mainGroup = B5A5A0CD2DC3F5D900C7F5BE;
			minimizedProjectReferenceProxies = 1;
			packageReferences = (
				B59C23E62DD30E30007556A7 /* XCRemoteSwiftPackageReference "firebase-ios-sdk" */,
			);
			preferredProjectObjectVersion = 77;
			productRefGroup = B5A5A0D72DC3F5D900C7F5BE /* Products */;
			projectDirPath = "";
			projectRoot = "";
			targets = (
				B5A5A0D52DC3F5D900C7F5BE /* Prestige */,
				B5A5A0E22DC3F5DB00C7F5BE /* PrestigeTests */,
				B5A5A0EC2DC3F5DB00C7F5BE /* PrestigeUITests */,
			);
		};
/* End PBXProject section */

/* Begin PBXResourcesBuildPhase section */
		B5A5A0D42DC3F5D900C7F5BE /* Resources */ = {
			isa = PBXResourcesBuildPhase;
			buildActionMask = 2147483647;
			files = (
			);
			runOnlyForDeploymentPostprocessing = 0;
		};
		B5A5A0E12DC3F5DB00C7F5BE /* Resources */ = {
			isa = PBXResourcesBuildPhase;
			buildActionMask = 2147483647;
			files = (
			);
			runOnlyForDeploymentPostprocessing = 0;
		};
		B5A5A0EB2DC3F5DB00C7F5BE /* Resources */ = {
			isa = PBXResourcesBuildPhase;
			buildActionMask = 2147483647;
			files = (
			);
			runOnlyForDeploymentPostprocessing = 0;
		};
/* End PBXResourcesBuildPhase section */

/* Begin PBXShellScriptBuildPhase section */
		53B866F3A690A92E9AD7930B /* [CP] Check Pods Manifest.lock */ = {
			isa = PBXShellScriptBuildPhase;
			buildActionMask = 2147483647;
			files = (
			);
			inputFileListPaths = (
			);
			inputPaths = (
				"${PODS_PODFILE_DIR_PATH}/Podfile.lock",
				"${PODS_ROOT}/Manifest.lock",
			);
			name = "[CP] Check Pods Manifest.lock";
			outputFileListPaths = (
			);
			outputPaths = (
				"$(DERIVED_FILE_DIR)/Pods-PrestigeTests-checkManifestLockResult.txt",
			);
			runOnlyForDeploymentPostprocessing = 0;
			shellPath = /bin/sh;
			shellScript = "diff \"${PODS_PODFILE_DIR_PATH}/Podfile.lock\" \"${PODS_ROOT}/Manifest.lock\" > /dev/null\nif [ $? != 0 ] ; then\n    # print error to STDERR\n    echo \"error: The sandbox is not in sync with the Podfile.lock. Run 'pod install' or update your CocoaPods installation.\" >&2\n    exit 1\nfi\n# This output is used by Xcode 'outputs' to avoid re-running this script phase.\necho \"SUCCESS\" > \"${SCRIPT_OUTPUT_FILE_0}\"\n";
			showEnvVarsInLog = 0;
		};
		77D764207F93DEFF84699139 /* [CP] Check Pods Manifest.lock */ = {
			isa = PBXShellScriptBuildPhase;
			buildActionMask = 2147483647;
			files = (
			);
			inputFileListPaths = (
			);
			inputPaths = (
				"${PODS_PODFILE_DIR_PATH}/Podfile.lock",
				"${PODS_ROOT}/Manifest.lock",
			);
			name = "[CP] Check Pods Manifest.lock";
			outputFileListPaths = (
			);
			outputPaths = (
				"$(DERIVED_FILE_DIR)/Pods-PrestigeUITests-checkManifestLockResult.txt",
			);
			runOnlyForDeploymentPostprocessing = 0;
			shellPath = /bin/sh;
			shellScript = "diff \"${PODS_PODFILE_DIR_PATH}/Podfile.lock\" \"${PODS_ROOT}/Manifest.lock\" > /dev/null\nif [ $? != 0 ] ; then\n    # print error to STDERR\n    echo \"error: The sandbox is not in sync with the Podfile.lock. Run 'pod install' or update your CocoaPods installation.\" >&2\n    exit 1\nfi\n# This output is used by Xcode 'outputs' to avoid re-running this script phase.\necho \"SUCCESS\" > \"${SCRIPT_OUTPUT_FILE_0}\"\n";
			showEnvVarsInLog = 0;
		};
		D1B5CACC1FBE75B22E561849 /* [CP] Embed Pods Frameworks */ = {
			isa = PBXShellScriptBuildPhase;
			buildActionMask = 2147483647;
			files = (
			);
			inputFileListPaths = (
				"${PODS_ROOT}/Target Support Files/Pods-Prestige/Pods-Prestige-frameworks-${CONFIGURATION}-input-files.xcfilelist",
			);
			name = "[CP] Embed Pods Frameworks";
			outputFileListPaths = (
				"${PODS_ROOT}/Target Support Files/Pods-Prestige/Pods-Prestige-frameworks-${CONFIGURATION}-output-files.xcfilelist",
			);
			runOnlyForDeploymentPostprocessing = 0;
			shellPath = /bin/sh;
			shellScript = "\"${PODS_ROOT}/Target Support Files/Pods-Prestige/Pods-Prestige-frameworks.sh\"\n";
			showEnvVarsInLog = 0;
		};
		D3AD06D5A1A17B9117FF396D /* [CP] Check Pods Manifest.lock */ = {
			isa = PBXShellScriptBuildPhase;
			buildActionMask = 2147483647;
			files = (
			);
			inputFileListPaths = (
			);
			inputPaths = (
				"${PODS_PODFILE_DIR_PATH}/Podfile.lock",
				"${PODS_ROOT}/Manifest.lock",
			);
			name = "[CP] Check Pods Manifest.lock";
			outputFileListPaths = (
			);
			outputPaths = (
				"$(DERIVED_FILE_DIR)/Pods-Prestige-checkManifestLockResult.txt",
			);
			runOnlyForDeploymentPostprocessing = 0;
			shellPath = /bin/sh;
			shellScript = "diff \"${PODS_PODFILE_DIR_PATH}/Podfile.lock\" \"${PODS_ROOT}/Manifest.lock\" > /dev/null\nif [ $? != 0 ] ; then\n    # print error to STDERR\n    echo \"error: The sandbox is not in sync with the Podfile.lock. Run 'pod install' or update your CocoaPods installation.\" >&2\n    exit 1\nfi\n# This output is used by Xcode 'outputs' to avoid re-running this script phase.\necho \"SUCCESS\" > \"${SCRIPT_OUTPUT_FILE_0}\"\n";
			showEnvVarsInLog = 0;
		};
/* End PBXShellScriptBuildPhase section */

/* Begin PBXSourcesBuildPhase section */
		B5A5A0D22DC3F5D900C7F5BE /* Sources */ = {
			isa = PBXSourcesBuildPhase;
			buildActionMask = 2147483647;
			files = (
			);
			runOnlyForDeploymentPostprocessing = 0;
		};
		B5A5A0DF2DC3F5DB00C7F5BE /* Sources */ = {
			isa = PBXSourcesBuildPhase;
			buildActionMask = 2147483647;
			files = (
			);
			runOnlyForDeploymentPostprocessing = 0;
		};
		B5A5A0E92DC3F5DB00C7F5BE /* Sources */ = {
			isa = PBXSourcesBuildPhase;
			buildActionMask = 2147483647;
			files = (
			);
			runOnlyForDeploymentPostprocessing = 0;
		};
/* End PBXSourcesBuildPhase section */

/* Begin PBXTargetDependency section */
		B5A5A0E52DC3F5DB00C7F5BE /* PBXTargetDependency */ = {
			isa = PBXTargetDependency;
			target = B5A5A0D52DC3F5D900C7F5BE /* Prestige */;
			targetProxy = B5A5A0E42DC3F5DB00C7F5BE /* PBXContainerItemProxy */;
		};
		B5A5A0EF2DC3F5DB00C7F5BE /* PBXTargetDependency */ = {
			isa = PBXTargetDependency;
			target = B5A5A0D52DC3F5D900C7F5BE /* Prestige */;
			targetProxy = B5A5A0EE2DC3F5DB00C7F5BE /* PBXContainerItemProxy */;
		};
/* End PBXTargetDependency section */

/* Begin XCBuildConfiguration section */
		B5A5A0F52DC3F5DB00C7F5BE /* Debug */ = {
			isa = XCBuildConfiguration;
			buildSettings = {
				ALWAYS_SEARCH_USER_PATHS = NO;
				ASSETCATALOG_COMPILER_GENERATE_SWIFT_ASSET_SYMBOL_EXTENSIONS = YES;
				CLANG_ALLOW_NON_MODULAR_INCLUDES_IN_FRAMEWORK_MODULES = YES;
				CLANG_ANALYZER_NONNULL = YES;
				CLANG_ANALYZER_NUMBER_OBJECT_CONVERSION = YES_AGGRESSIVE;
				CLANG_CXX_LANGUAGE_STANDARD = "gnu++20";
				CLANG_ENABLE_MODULES = YES;
				CLANG_ENABLE_OBJC_ARC = YES;
				CLANG_ENABLE_OBJC_WEAK = YES;
				CLANG_WARN_BLOCK_CAPTURE_AUTORELEASING = YES;
				CLANG_WARN_BOOL_CONVERSION = YES;
				CLANG_WARN_COMMA = YES;
				CLANG_WARN_CONSTANT_CONVERSION = YES;
				CLANG_WARN_DEPRECATED_OBJC_IMPLEMENTATIONS = YES;
				CLANG_WARN_DIRECT_OBJC_ISA_USAGE = YES_ERROR;
				CLANG_WARN_DOCUMENTATION_COMMENTS = YES;
				CLANG_WARN_EMPTY_BODY = YES;
				CLANG_WARN_ENUM_CONVERSION = YES;
				CLANG_WARN_INFINITE_RECURSION = YES;
				CLANG_WARN_INT_CONVERSION = YES;
				CLANG_WARN_NON_LITERAL_NULL_CONVERSION = YES;
				CLANG_WARN_OBJC_IMPLICIT_RETAIN_SELF = YES;
				CLANG_WARN_OBJC_LITERAL_CONVERSION = YES;
				CLANG_WARN_OBJC_ROOT_CLASS = YES_ERROR;
				CLANG_WARN_QUOTED_INCLUDE_IN_FRAMEWORK_HEADER = YES;
				CLANG_WARN_RANGE_LOOP_ANALYSIS = YES;
				CLANG_WARN_STRICT_PROTOTYPES = YES;
				CLANG_WARN_SUSPICIOUS_MOVE = YES;
				CLANG_WARN_UNGUARDED_AVAILABILITY = YES_AGGRESSIVE;
				CLANG_WARN_UNREACHABLE_CODE = YES;
				CLANG_WARN__DUPLICATE_METHOD_MATCH = YES;
				COPY_PHASE_STRIP = NO;
				DEBUG_INFORMATION_FORMAT = dwarf;
				ENABLE_MODULE_VERIFIER = YES;
				ENABLE_STRICT_OBJC_MSGSEND = YES;
				ENABLE_TESTABILITY = YES;
				ENABLE_USER_SCRIPT_SANDBOXING = YES;
				GCC_C_LANGUAGE_STANDARD = gnu17;
				GCC_DYNAMIC_NO_PIC = NO;
				GCC_NO_COMMON_BLOCKS = YES;
				GCC_OPTIMIZATION_LEVEL = 0;
				GCC_PREPROCESSOR_DEFINITIONS = (
					"DEBUG=1",
					"$(inherited)",
				);
				GCC_WARN_64_TO_32_BIT_CONVERSION = YES;
				GCC_WARN_ABOUT_RETURN_TYPE = YES_ERROR;
				GCC_WARN_UNDECLARED_SELECTOR = YES;
				GCC_WARN_UNINITIALIZED_AUTOS = YES_AGGRESSIVE;
				GCC_WARN_UNUSED_FUNCTION = YES;
				GCC_WARN_UNUSED_VARIABLE = YES;
				"HEADER_SEARCH_PATHS[arch=*]" = "   /opt/homebrew/include";
				IPHONEOS_DEPLOYMENT_TARGET = 18.4;
				"LIBRARY_SEARCH_PATHS[arch=*]" = "   /opt/homebrew/lib";
				LOCALIZATION_PREFERS_STRING_CATALOGS = YES;
				MTL_ENABLE_DEBUG_INFO = INCLUDE_SOURCE;
				MTL_FAST_MATH = YES;
				ONLY_ACTIVE_ARCH = YES;
				"OTHER_LDFLAGS[arch=*]" = "   -lcassandra";
				SDKROOT = iphoneos;
				SWIFT_ACTIVE_COMPILATION_CONDITIONS = "DEBUG $(inherited)";
				SWIFT_OBJC_BRIDGING_HEADER = "Prestige/Backend/Cassandra-Bridging-Header.h";
				SWIFT_OPTIMIZATION_LEVEL = "-Onone";
			};
			name = Debug;
		};
		B5A5A0F62DC3F5DB00C7F5BE /* Release */ = {
			isa = XCBuildConfiguration;
			buildSettings = {
				ALWAYS_SEARCH_USER_PATHS = NO;
				ASSETCATALOG_COMPILER_GENERATE_SWIFT_ASSET_SYMBOL_EXTENSIONS = YES;
				CLANG_ALLOW_NON_MODULAR_INCLUDES_IN_FRAMEWORK_MODULES = YES;
				CLANG_ANALYZER_NONNULL = YES;
				CLANG_ANALYZER_NUMBER_OBJECT_CONVERSION = YES_AGGRESSIVE;
				CLANG_CXX_LANGUAGE_STANDARD = "gnu++20";
				CLANG_ENABLE_MODULES = YES;
				CLANG_ENABLE_OBJC_ARC = YES;
				CLANG_ENABLE_OBJC_WEAK = YES;
				CLANG_WARN_BLOCK_CAPTURE_AUTORELEASING = YES;
				CLANG_WARN_BOOL_CONVERSION = YES;
				CLANG_WARN_COMMA = YES;
				CLANG_WARN_CONSTANT_CONVERSION = YES;
				CLANG_WARN_DEPRECATED_OBJC_IMPLEMENTATIONS = YES;
				CLANG_WARN_DIRECT_OBJC_ISA_USAGE = YES_ERROR;
				CLANG_WARN_DOCUMENTATION_COMMENTS = YES;
				CLANG_WARN_EMPTY_BODY = YES;
				CLANG_WARN_ENUM_CONVERSION = YES;
				CLANG_WARN_INFINITE_RECURSION = YES;
				CLANG_WARN_INT_CONVERSION = YES;
				CLANG_WARN_NON_LITERAL_NULL_CONVERSION = YES;
				CLANG_WARN_OBJC_IMPLICIT_RETAIN_SELF = YES;
				CLANG_WARN_OBJC_LITERAL_CONVERSION = YES;
				CLANG_WARN_OBJC_ROOT_CLASS = YES_ERROR;
				CLANG_WARN_QUOTED_INCLUDE_IN_FRAMEWORK_HEADER = YES;
				CLANG_WARN_RANGE_LOOP_ANALYSIS = YES;
				CLANG_WARN_STRICT_PROTOTYPES = YES;
				CLANG_WARN_SUSPICIOUS_MOVE = YES;
				CLANG_WARN_UNGUARDED_AVAILABILITY = YES_AGGRESSIVE;
				CLANG_WARN_UNREACHABLE_CODE = YES;
				CLANG_WARN__DUPLICATE_METHOD_MATCH = YES;
				COPY_PHASE_STRIP = NO;
				DEBUG_INFORMATION_FORMAT = "dwarf-with-dsym";
				ENABLE_MODULE_VERIFIER = YES;
				ENABLE_NS_ASSERTIONS = NO;
				ENABLE_STRICT_OBJC_MSGSEND = YES;
				ENABLE_USER_SCRIPT_SANDBOXING = YES;
				GCC_C_LANGUAGE_STANDARD = gnu17;
				GCC_NO_COMMON_BLOCKS = YES;
				GCC_WARN_64_TO_32_BIT_CONVERSION = YES;
				GCC_WARN_ABOUT_RETURN_TYPE = YES_ERROR;
				GCC_WARN_UNDECLARED_SELECTOR = YES;
				GCC_WARN_UNINITIALIZED_AUTOS = YES_AGGRESSIVE;
				GCC_WARN_UNUSED_FUNCTION = YES;
				GCC_WARN_UNUSED_VARIABLE = YES;
				"HEADER_SEARCH_PATHS[arch=*]" = "   /opt/homebrew/include";
				IPHONEOS_DEPLOYMENT_TARGET = 18.4;
				"LIBRARY_SEARCH_PATHS[arch=*]" = "   /opt/homebrew/lib";
				LOCALIZATION_PREFERS_STRING_CATALOGS = YES;
				MTL_ENABLE_DEBUG_INFO = NO;
				MTL_FAST_MATH = YES;
				"OTHER_LDFLAGS[arch=*]" = "   -lcassandra";
				SDKROOT = iphoneos;
				SWIFT_COMPILATION_MODE = wholemodule;
				SWIFT_OBJC_BRIDGING_HEADER = "Prestige/Backend/Cassandra-Bridging-Header.h";
				VALIDATE_PRODUCT = YES;
			};
			name = Release;
		};
		B5A5A0F82DC3F5DB00C7F5BE /* Debug */ = {
			isa = XCBuildConfiguration;
			baseConfigurationReference = 2F181F99AE7E750BCD54676C /* Pods-Prestige.debug.xcconfig */;
			buildSettings = {
				ASSETCATALOG_COMPILER_APPICON_NAME = AppIcon;
				ASSETCATALOG_COMPILER_GLOBAL_ACCENT_COLOR_NAME = AccentColor;
				CODE_SIGN_STYLE = Automatic;
				CURRENT_PROJECT_VERSION = 1;
				ENABLE_PREVIEWS = YES;
				GENERATE_INFOPLIST_FILE = YES;
				INFOPLIST_KEY_UIApplicationSceneManifest_Generation = YES;
				INFOPLIST_KEY_UIApplicationSupportsIndirectInputEvents = YES;
				INFOPLIST_KEY_UILaunchScreen_Generation = YES;
				INFOPLIST_KEY_UISupportedInterfaceOrientations_iPad = "UIInterfaceOrientationPortrait UIInterfaceOrientationPortraitUpsideDown UIInterfaceOrientationLandscapeLeft UIInterfaceOrientationLandscapeRight";
				INFOPLIST_KEY_UISupportedInterfaceOrientations_iPhone = "UIInterfaceOrientationPortrait UIInterfaceOrientationLandscapeLeft UIInterfaceOrientationLandscapeRight";
				IPHONEOS_DEPLOYMENT_TARGET = 17.6;
				LD_RUNPATH_SEARCH_PATHS = (
					"$(inherited)",
					"@executable_path/Frameworks",
				);
				MARKETING_VERSION = 1.0;
				PRODUCT_BUNDLE_IDENTIFIER = "com.AT-Enterprises.Prestige";
				PRODUCT_NAME = "$(TARGET_NAME)";
				SWIFT_EMIT_LOC_STRINGS = YES;
				SWIFT_VERSION = 5.0;
				TARGETED_DEVICE_FAMILY = 1;
			};
			name = Debug;
		};
		B5A5A0F92DC3F5DB00C7F5BE /* Release */ = {
			isa = XCBuildConfiguration;
			baseConfigurationReference = 70E6DDA45FD4EAEBE262272C /* Pods-Prestige.release.xcconfig */;
			buildSettings = {
				ASSETCATALOG_COMPILER_APPICON_NAME = AppIcon;
				ASSETCATALOG_COMPILER_GLOBAL_ACCENT_COLOR_NAME = AccentColor;
				CODE_SIGN_STYLE = Automatic;
				CURRENT_PROJECT_VERSION = 1;
				ENABLE_PREVIEWS = YES;
				GENERATE_INFOPLIST_FILE = YES;
				INFOPLIST_KEY_UIApplicationSceneManifest_Generation = YES;
				INFOPLIST_KEY_UIApplicationSupportsIndirectInputEvents = YES;
				INFOPLIST_KEY_UILaunchScreen_Generation = YES;
				INFOPLIST_KEY_UISupportedInterfaceOrientations_iPad = "UIInterfaceOrientationPortrait UIInterfaceOrientationPortraitUpsideDown UIInterfaceOrientationLandscapeLeft UIInterfaceOrientationLandscapeRight";
				INFOPLIST_KEY_UISupportedInterfaceOrientations_iPhone = "UIInterfaceOrientationPortrait UIInterfaceOrientationLandscapeLeft UIInterfaceOrientationLandscapeRight";
				IPHONEOS_DEPLOYMENT_TARGET = 17.6;
				LD_RUNPATH_SEARCH_PATHS = (
					"$(inherited)",
					"@executable_path/Frameworks",
				);
				MARKETING_VERSION = 1.0;
				PRODUCT_BUNDLE_IDENTIFIER = "com.AT-Enterprises.Prestige";
				PRODUCT_NAME = "$(TARGET_NAME)";
				SWIFT_EMIT_LOC_STRINGS = YES;
				SWIFT_VERSION = 5.0;
				TARGETED_DEVICE_FAMILY = 1;
			};
			name = Release;
		};
		B5A5A0FB2DC3F5DB00C7F5BE /* Debug */ = {
			isa = XCBuildConfiguration;
			baseConfigurationReference = 9487828C609359EB3BEB5CCD /* Pods-PrestigeTests.debug.xcconfig */;
			buildSettings = {
				BUNDLE_LOADER = "$(TEST_HOST)";
				CODE_SIGN_STYLE = Automatic;
				CURRENT_PROJECT_VERSION = 1;
				GENERATE_INFOPLIST_FILE = YES;
				IPHONEOS_DEPLOYMENT_TARGET = 18.4;
				MARKETING_VERSION = 1.0;
				PRODUCT_BUNDLE_IDENTIFIER = "AT-Enterprises.PrestigeTests";
				PRODUCT_NAME = "$(TARGET_NAME)";
				SWIFT_EMIT_LOC_STRINGS = NO;
				SWIFT_VERSION = 5.0;
				TARGETED_DEVICE_FAMILY = "1,2";
				TEST_HOST = "$(BUILT_PRODUCTS_DIR)/Prestige.app/$(BUNDLE_EXECUTABLE_FOLDER_PATH)/Prestige";
			};
			name = Debug;
		};
		B5A5A0FC2DC3F5DB00C7F5BE /* Release */ = {
			isa = XCBuildConfiguration;
			baseConfigurationReference = 77C6C4B6A2D5E9D39453275D /* Pods-PrestigeTests.release.xcconfig */;
			buildSettings = {
				BUNDLE_LOADER = "$(TEST_HOST)";
				CODE_SIGN_STYLE = Automatic;
				CURRENT_PROJECT_VERSION = 1;
				GENERATE_INFOPLIST_FILE = YES;
				IPHONEOS_DEPLOYMENT_TARGET = 18.4;
				MARKETING_VERSION = 1.0;
				PRODUCT_BUNDLE_IDENTIFIER = "AT-Enterprises.PrestigeTests";
				PRODUCT_NAME = "$(TARGET_NAME)";
				SWIFT_EMIT_LOC_STRINGS = NO;
				SWIFT_VERSION = 5.0;
				TARGETED_DEVICE_FAMILY = "1,2";
				TEST_HOST = "$(BUILT_PRODUCTS_DIR)/Prestige.app/$(BUNDLE_EXECUTABLE_FOLDER_PATH)/Prestige";
			};
			name = Release;
		};
		B5A5A0FE2DC3F5DB00C7F5BE /* Debug */ = {
			isa = XCBuildConfiguration;
			baseConfigurationReference = 3AA3E69F237A4C5B9C4FA511 /* Pods-PrestigeUITests.debug.xcconfig */;
			buildSettings = {
				CODE_SIGN_STYLE = Automatic;
				CURRENT_PROJECT_VERSION = 1;
				GENERATE_INFOPLIST_FILE = YES;
				MARKETING_VERSION = 1.0;
				PRODUCT_BUNDLE_IDENTIFIER = "AT-Enterprises.PrestigeUITests";
				PRODUCT_NAME = "$(TARGET_NAME)";
				SWIFT_EMIT_LOC_STRINGS = NO;
				SWIFT_VERSION = 5.0;
				TARGETED_DEVICE_FAMILY = "1,2";
				TEST_TARGET_NAME = Prestige;
			};
			name = Debug;
		};
		B5A5A0FF2DC3F5DB00C7F5BE /* Release */ = {
			isa = XCBuildConfiguration;
			baseConfigurationReference = 644F8A2EF3A3E146317A105C /* Pods-PrestigeUITests.release.xcconfig */;
			buildSettings = {
				CODE_SIGN_STYLE = Automatic;
				CURRENT_PROJECT_VERSION = 1;
				GENERATE_INFOPLIST_FILE = YES;
				MARKETING_VERSION = 1.0;
				PRODUCT_BUNDLE_IDENTIFIER = "AT-Enterprises.PrestigeUITests";
				PRODUCT_NAME = "$(TARGET_NAME)";
				SWIFT_EMIT_LOC_STRINGS = NO;
				SWIFT_VERSION = 5.0;
				TARGETED_DEVICE_FAMILY = "1,2";
				TEST_TARGET_NAME = Prestige;
			};
			name = Release;
		};
/* End XCBuildConfiguration section */

/* Begin XCConfigurationList section */
		B5A5A0D12DC3F5D900C7F5BE /* Build configuration list for PBXProject "Prestige" */ = {
			isa = XCConfigurationList;
			buildConfigurations = (
				B5A5A0F52DC3F5DB00C7F5BE /* Debug */,
				B5A5A0F62DC3F5DB00C7F5BE /* Release */,
			);
			defaultConfigurationIsVisible = 0;
			defaultConfigurationName = Release;
		};
		B5A5A0F72DC3F5DB00C7F5BE /* Build configuration list for PBXNativeTarget "Prestige" */ = {
			isa = XCConfigurationList;
			buildConfigurations = (
				B5A5A0F82DC3F5DB00C7F5BE /* Debug */,
				B5A5A0F92DC3F5DB00C7F5BE /* Release */,
			);
			defaultConfigurationIsVisible = 0;
			defaultConfigurationName = Release;
		};
		B5A5A0FA2DC3F5DB00C7F5BE /* Build configuration list for PBXNativeTarget "PrestigeTests" */ = {
			isa = XCConfigurationList;
			buildConfigurations = (
				B5A5A0FB2DC3F5DB00C7F5BE /* Debug */,
				B5A5A0FC2DC3F5DB00C7F5BE /* Release */,
			);
			defaultConfigurationIsVisible = 0;
			defaultConfigurationName = Release;
		};
		B5A5A0FD2DC3F5DB00C7F5BE /* Build configuration list for PBXNativeTarget "PrestigeUITests" */ = {
			isa = XCConfigurationList;
			buildConfigurations = (
				B5A5A0FE2DC3F5DB00C7F5BE /* Debug */,
				B5A5A0FF2DC3F5DB00C7F5BE /* Release */,
			);
			defaultConfigurationIsVisible = 0;
			defaultConfigurationName = Release;
		};
/* End XCConfigurationList section */

/* Begin XCRemoteSwiftPackageReference section */
		B59C23E62DD30E30007556A7 /* XCRemoteSwiftPackageReference "firebase-ios-sdk" */ = {
			isa = XCRemoteSwiftPackageReference;
			repositoryURL = "https://github.com/firebase/firebase-ios-sdk";
			requirement = {
				kind = upToNextMajorVersion;
				minimumVersion = 11.12.0;
			};
		};
/* End XCRemoteSwiftPackageReference section */

/* Begin XCSwiftPackageProductDependency section */
		63097E672DECE38D00137CD1 /* FirebaseAnalyticsOnDeviceConversion */ = {
			isa = XCSwiftPackageProductDependency;
			productName = FirebaseAnalyticsOnDeviceConversion;
		};
		63097E692DECE38D00137CD1 /* FirebaseAnalyticsWithoutAdIdSupport */ = {
			isa = XCSwiftPackageProductDependency;
			productName = FirebaseAnalyticsWithoutAdIdSupport;
		};
		63097E6B2DECE38D00137CD1 /* FirebaseAppCheck */ = {
			isa = XCSwiftPackageProductDependency;
			productName = FirebaseAppCheck;
		};
		63097E6D2DECE38D00137CD1 /* FirebaseAppDistribution-Beta */ = {
			isa = XCSwiftPackageProductDependency;
			productName = "FirebaseAppDistribution-Beta";
		};
		63097E6F2DECE38D00137CD1 /* FirebaseAuth */ = {
			isa = XCSwiftPackageProductDependency;
			productName = FirebaseAuth;
		};
		63097E712DECE38D00137CD1 /* FirebaseAuthCombine-Community */ = {
			isa = XCSwiftPackageProductDependency;
			productName = "FirebaseAuthCombine-Community";
		};
		63097E732DECE38D00137CD1 /* FirebaseCore */ = {
			isa = XCSwiftPackageProductDependency;
			productName = FirebaseCore;
		};
		63097E752DECE38D00137CD1 /* FirebaseCrashlytics */ = {
			isa = XCSwiftPackageProductDependency;
			productName = FirebaseCrashlytics;
		};
		63097E772DECE38D00137CD1 /* FirebaseDatabase */ = {
			isa = XCSwiftPackageProductDependency;
			productName = FirebaseDatabase;
		};
		63097E792DECE38D00137CD1 /* FirebaseDynamicLinks */ = {
			isa = XCSwiftPackageProductDependency;
			productName = FirebaseDynamicLinks;
		};
		63097E7B2DECE38D00137CD1 /* FirebaseFirestore */ = {
			isa = XCSwiftPackageProductDependency;
			productName = FirebaseFirestore;
		};
		63097E7D2DECE38D00137CD1 /* FirebaseFirestoreCombine-Community */ = {
			isa = XCSwiftPackageProductDependency;
			productName = "FirebaseFirestoreCombine-Community";
		};
		63097E7F2DECE38D00137CD1 /* FirebaseFunctions */ = {
			isa = XCSwiftPackageProductDependency;
			productName = FirebaseFunctions;
		};
		63097E812DECE38D00137CD1 /* FirebaseFunctionsCombine-Community */ = {
			isa = XCSwiftPackageProductDependency;
			productName = "FirebaseFunctionsCombine-Community";
		};
		63097E832DECE38D00137CD1 /* FirebaseInAppMessaging-Beta */ = {
			isa = XCSwiftPackageProductDependency;
			productName = "FirebaseInAppMessaging-Beta";
		};
		63097E852DECE38D00137CD1 /* FirebaseInstallations */ = {
			isa = XCSwiftPackageProductDependency;
			productName = FirebaseInstallations;
		};
		63097E872DECE38D00137CD1 /* FirebaseMLModelDownloader */ = {
			isa = XCSwiftPackageProductDependency;
			productName = FirebaseMLModelDownloader;
		};
		63097E892DECE38D00137CD1 /* FirebaseMessaging */ = {
			isa = XCSwiftPackageProductDependency;
			productName = FirebaseMessaging;
		};
		63097E8B2DECE38D00137CD1 /* FirebasePerformance */ = {
			isa = XCSwiftPackageProductDependency;
			productName = FirebasePerformance;
		};
		63097E8D2DECE38D00137CD1 /* FirebaseRemoteConfig */ = {
			isa = XCSwiftPackageProductDependency;
			productName = FirebaseRemoteConfig;
		};
		63097E8F2DECE38D00137CD1 /* FirebaseStorage */ = {
			isa = XCSwiftPackageProductDependency;
			productName = FirebaseStorage;
		};
		63097E912DECE38D00137CD1 /* FirebaseStorageCombine-Community */ = {
			isa = XCSwiftPackageProductDependency;
			productName = "FirebaseStorageCombine-Community";
		};
		63097E932DECE38D00137CD1 /* FirebaseVertexAI */ = {
			isa = XCSwiftPackageProductDependency;
			productName = FirebaseVertexAI;
		};
		63C8E7472E0103BC00C55B80 /* FirebaseAnalytics */ = {
			isa = XCSwiftPackageProductDependency;
			package = B59C23E62DD30E30007556A7 /* XCRemoteSwiftPackageReference "firebase-ios-sdk" */;
			productName = FirebaseAnalytics;
		};
		B59C23E72DD30E30007556A7 /* FirebaseAuth */ = {
			isa = XCSwiftPackageProductDependency;
			package = B59C23E62DD30E30007556A7 /* XCRemoteSwiftPackageReference "firebase-ios-sdk" */;
			productName = FirebaseAuth;
		};
		B59C23E92DD30E30007556A7 /* FirebaseCore */ = {
			isa = XCSwiftPackageProductDependency;
			package = B59C23E62DD30E30007556A7 /* XCRemoteSwiftPackageReference "firebase-ios-sdk" */;
			productName = FirebaseCore;
		};
		B59C23EB2DD30E30007556A7 /* FirebaseFirestore */ = {
			isa = XCSwiftPackageProductDependency;
			package = B59C23E62DD30E30007556A7 /* XCRemoteSwiftPackageReference "firebase-ios-sdk" */;
			productName = FirebaseFirestore;
		};
		B59C241F2DD31982007556A7 /* FirebaseStorage */ = {
			isa = XCSwiftPackageProductDependency;
			package = B59C23E62DD30E30007556A7 /* XCRemoteSwiftPackageReference "firebase-ios-sdk" */;
			productName = FirebaseStorage;
		};
/* End XCSwiftPackageProductDependency section */
	};
	rootObject = B5A5A0CE2DC3F5D900C7F5BE /* Project object */;
}
