// !$*UTF8*$!
{
	archiveVersion = 1;
	classes = {
	};
	objectVersion = 77;
	objects = {

/* Begin PBXBuildFile section */
		56B66CCD6712D9044AE2295A /* Pods_Prestige.framework in Frameworks */ = {isa = PBXBuildFile; fileRef = 9697ACC42A367108C5EB5A15 /* Pods_Prestige.framework */; };
		63097E662DECE38D00137CD1 /* FirebaseAnalytics in Frameworks */ = {isa = PBXBuildFile; productRef = 63097E652DECE38D00137CD1 /* FirebaseAnalytics */; };
		63097E682DECE38D00137CD1 /* FirebaseAnalyticsOnDeviceConversion in Frameworks */ = {isa = PBXBuildFile; productRef = 63097E672DECE38D00137CD1 /* FirebaseAnalyticsOnDeviceConversion */; };
		63097E6A2DECE38D00137CD1 /* FirebaseAnalyticsWithoutAdIdSupport in Frameworks */ = {isa = PBXBuildFile; productRef = 63097E692DECE38D00137CD1 /* FirebaseAnalyticsWithoutAdIdSupport */; };
		63097E6C2DECE38D00137CD1 /* FirebaseAppCheck in Frameworks */ = {isa = PBXBuildFile; productRef = 63097E6B2DECE38D00137CD1 /* FirebaseAppCheck */; };
		63097E6E2DECE38D00137CD1 /* FirebaseAppDistribution-Beta in Frameworks */ = {isa = PBXBuildFile; productRef = 63097E6D2DECE38D00137CD1 /* FirebaseAppDistribution-Beta */; };
		63097E702DECE38D00137CD1 /* FirebaseAuth in Frameworks */ = {isa = PBXBuildFile; productRef = 63097E6F2DECE38D00137CD1 /* FirebaseAuth */; };
		63097E722DECE38D00137CD1 /* FirebaseAuthCombine-Community in Frameworks */ = {isa = PBXBuildFile; productRef = 63097E712DECE38D00137CD1 /* FirebaseAuthCombine-Community */; };
		63097E742DECE38D00137CD1 /* FirebaseCore in Frameworks */ = {isa = PBXBuildFile; productRef = 63097E732DECE38D00137CD1 /* FirebaseCore */; };
		63097E762DECE38D00137CD1 /* FirebaseCrashlytics in Frameworks */ = {isa = PBXBuildFile; productRef = 63097E752DECE38D00137CD1 /* FirebaseCrashlytics */; };
		63097E782DECE38D00137CD1 /* FirebaseDatabase in Frameworks */ = {isa = PBXBuildFile; productRef = 63097E772DECE38D00137CD1 /* FirebaseDatabase */; };
		63097E7A2DECE38D00137CD1 /* FirebaseDynamicLinks in Frameworks */ = {isa = PBXBuildFile; productRef = 63097E792DECE38D00137CD1 /* FirebaseDynamicLinks */; };
		63097E7C2DECE38D00137CD1 /* FirebaseFirestore in Frameworks */ = {isa = PBXBuildFile; productRef = 63097E7B2DECE38D00137CD1 /* FirebaseFirestore */; };
		63097E7E2DECE38D00137CD1 /* FirebaseFirestoreCombine-Community in Frameworks */ = {isa = PBXBuildFile; productRef = 63097E7D2DECE38D00137CD1 /* FirebaseFirestoreCombine-Community */; };
		63097E802DECE38D00137CD1 /* FirebaseFunctions in Frameworks */ = {isa = PBXBuildFile; productRef = 63097E7F2DECE38D00137CD1 /* FirebaseFunctions */; };
		63097E822DECE38D00137CD1 /* FirebaseFunctionsCombine-Community in Frameworks */ = {isa = PBXBuildFile; productRef = 63097E812DECE38D00137CD1 /* FirebaseFunctionsCombine-Community */; };
		63097E842DECE38D00137CD1 /* FirebaseInAppMessaging-Beta in Frameworks */ = {isa = PBXBuildFile; productRef = 63097E832DECE38D00137CD1 /* FirebaseInAppMessaging-Beta */; };
		63097E862DECE38D00137CD1 /* FirebaseInstallations in Frameworks */ = {isa = PBXBuildFile; productRef = 63097E852DECE38D00137CD1 /* FirebaseInstallations */; };
		63097E882DECE38D00137CD1 /* FirebaseMLModelDownloader in Frameworks */ = {isa = PBXBuildFile; productRef = 63097E872DECE38D00137CD1 /* FirebaseMLModelDownloader */; };
		63097E8A2DECE38D00137CD1 /* FirebaseMessaging in Frameworks */ = {isa = PBXBuildFile; productRef = 63097E892DECE38D00137CD1 /* FirebaseMessaging */; };
		63097E8C2DECE38D00137CD1 /* FirebasePerformance in Frameworks */ = {isa = PBXBuildFile; productRef = 63097E8B2DECE38D00137CD1 /* FirebasePerformance */; };
		63097E8E2DECE38D00137CD1 /* FirebaseRemoteConfig in Frameworks */ = {isa = PBXBuildFile; productRef = 63097E8D2DECE38D00137CD1 /* FirebaseRemoteConfig */; };
		63097E902DECE38D00137CD1 /* FirebaseStorage in Frameworks */ = {isa = PBXBuildFile; productRef = 63097E8F2DECE38D00137CD1 /* FirebaseStorage */; };
		63097E922DECE38D00137CD1 /* FirebaseStorageCombine-Community in Frameworks */ = {isa = PBXBuildFile; productRef = 63097E912DECE38D00137CD1 /* FirebaseStorageCombine-Community */; };
		63097E942DECE38D00137CD1 /* FirebaseVertexAI in Frameworks */ = {isa = PBXBuildFile; productRef = 63097E932DECE38D00137CD1 /* FirebaseVertexAI */; };
		63E5245E2E00DD890005F800 /* FirebaseAnalytics in Frameworks */ = {isa = PBXBuildFile; productRef = 63E5245D2E00DD890005F800 /* FirebaseAnalytics */; };
		63E524602E00DD890005F800 /* FirebaseAnalyticsOnDeviceConversion in Frameworks */ = {isa = PBXBuildFile; productRef = 63E5245F2E00DD890005F800 /* FirebaseAnalyticsOnDeviceConversion */; };
		63E524622E00DD890005F800 /* FirebaseAnalyticsWithoutAdIdSupport in Frameworks */ = {isa = PBXBuildFile; productRef = 63E524612E00DD890005F800 /* FirebaseAnalyticsWithoutAdIdSupport */; };
		63E524642E00DD890005F800 /* FirebaseAppCheck in Frameworks */ = {isa = PBXBuildFile; productRef = 63E524632E00DD890005F800 /* FirebaseAppCheck */; };
		63E524662E00DD890005F800 /* FirebaseAppDistribution-Beta in Frameworks */ = {isa = PBXBuildFile; productRef = 63E524652E00DD890005F800 /* FirebaseAppDistribution-Beta */; };
		63E524682E00DD890005F800 /* FirebaseAuthCombine-Community in Frameworks */ = {isa = PBXBuildFile; productRef = 63E524672E00DD890005F800 /* FirebaseAuthCombine-Community */; };
		63E5246A2E00DD890005F800 /* FirebaseCrashlytics in Frameworks */ = {isa = PBXBuildFile; productRef = 63E524692E00DD890005F800 /* FirebaseCrashlytics */; };
		63E5246C2E00DD890005F800 /* FirebaseDatabase in Frameworks */ = {isa = PBXBuildFile; productRef = 63E5246B2E00DD890005F800 /* FirebaseDatabase */; };
		63E5246E2E00DD890005F800 /* FirebaseDynamicLinks in Frameworks */ = {isa = PBXBuildFile; productRef = 63E5246D2E00DD890005F800 /* FirebaseDynamicLinks */; };
		63E524702E00DD890005F800 /* FirebaseFirestoreCombine-Community in Frameworks */ = {isa = PBXBuildFile; productRef = 63E5246F2E00DD890005F800 /* FirebaseFirestoreCombine-Community */; };
		63E524722E00DD890005F800 /* FirebaseFunctions in Frameworks */ = {isa = PBXBuildFile; productRef = 63E524712E00DD890005F800 /* FirebaseFunctions */; };
		63E524742E00DD890005F800 /* FirebaseFunctionsCombine-Community in Frameworks */ = {isa = PBXBuildFile; productRef = 63E524732E00DD890005F800 /* FirebaseFunctionsCombine-Community */; };
		63E524762E00DD890005F800 /* FirebaseInAppMessaging-Beta in Frameworks */ = {isa = PBXBuildFile; productRef = 63E524752E00DD890005F800 /* FirebaseInAppMessaging-Beta */; };
		63E524782E00DD890005F800 /* FirebaseInstallations in Frameworks */ = {isa = PBXBuildFile; productRef = 63E524772E00DD890005F800 /* FirebaseInstallations */; };
		63E5247A2E00DD890005F800 /* FirebaseMLModelDownloader in Frameworks */ = {isa = PBXBuildFile; productRef = 63E524792E00DD890005F800 /* FirebaseMLModelDownloader */; };
		63E5247C2E00DD890005F800 /* FirebaseMessaging in Frameworks */ = {isa = PBXBuildFile; productRef = 63E5247B2E00DD890005F800 /* FirebaseMessaging */; };
		63E5247E2E00DD890005F800 /* FirebasePerformance in Frameworks */ = {isa = PBXBuildFile; productRef = 63E5247D2E00DD890005F800 /* FirebasePerformance */; };
		63E524802E00DD890005F800 /* FirebaseRemoteConfig in Frameworks */ = {isa = PBXBuildFile; productRef = 63E5247F2E00DD890005F800 /* FirebaseRemoteConfig */; };
		63E524822E00DD890005F800 /* FirebaseStorageCombine-Community in Frameworks */ = {isa = PBXBuildFile; productRef = 63E524812E00DD890005F800 /* FirebaseStorageCombine-Community */; };
		63E524842E00DD890005F800 /* FirebaseVertexAI in Frameworks */ = {isa = PBXBuildFile; productRef = 63E524832E00DD890005F800 /* FirebaseVertexAI */; };
		63E524BB2E00F61D0005F800 /* FirebaseInAppMessaging-Beta in Frameworks */ = {isa = PBXBuildFile; productRef = 63E524BA2E00F61D0005F800 /* FirebaseInAppMessaging-Beta */; };
		63E524BD2E00F61D0005F800 /* FirebaseMessaging in Frameworks */ = {isa = PBXBuildFile; productRef = 63E524BC2E00F61D0005F800 /* FirebaseMessaging */; };
/* End PBXBuildFile section */

/* Begin PBXContainerItemProxy section */
		B5A5A0E42DC3F5DB00C7F5BE /* PBXContainerItemProxy */ = {
			isa = PBXContainerItemProxy;
			containerPortal = B5A5A0CE2DC3F5D900C7F5BE /* Project object */;
			proxyType = 1;
			remoteGlobalIDString = B5A5A0D52DC3F5D900C7F5BE;
			remoteInfo = Prestige;
		};
		B5A5A0EE2DC3F5DB00C7F5BE /* PBXContainerItemProxy */ = {
			isa = PBXContainerItemProxy;
			containerPortal = B5A5A0CE2DC3F5D900C7F5BE /* Project object */;
			proxyType = 1;
			remoteGlobalIDString = B5A5A0D52DC3F5D900C7F5BE;
			remoteInfo = Prestige;
		};
/* End PBXContainerItemProxy section */

/* Begin PBXFileReference section */
		479512B133E993393F906347 /* Pods-Prestige.debug.xcconfig */ = {isa = PBXFileReference; includeInIndex = 1; lastKnownFileType = text.xcconfig; name = "Pods-Prestige.debug.xcconfig"; path = "Target Support Files/Pods-Prestige/Pods-Prestige.debug.xcconfig"; sourceTree = "<group>"; };
		632704352E0126FE0067D73E /* Pods.xcodeproj */ = {isa = PBXFileReference; lastKnownFileType = "wrapper.pb-project"; path = Pods.xcodeproj; sourceTree = "<group>"; };
		632704592E0126FE0067D73E /* Prestige.xcodeproj */ = {isa = PBXFileReference; lastKnownFileType = "wrapper.pb-project"; path = Prestige.xcodeproj; sourceTree = "<group>"; };
		63272FE42E012A0C0067D73E /* Pods.xcodeproj */ = {isa = PBXFileReference; lastKnownFileType = "wrapper.pb-project"; path = Pods.xcodeproj; sourceTree = "<group>"; };
		632730082E012A0C0067D73E /* Prestige.xcodeproj */ = {isa = PBXFileReference; lastKnownFileType = "wrapper.pb-project"; path = Prestige.xcodeproj; sourceTree = "<group>"; };
		63A33A142E0105C400F42E6C /* Pods.xcodeproj */ = {isa = PBXFileReference; lastKnownFileType = "wrapper.pb-project"; path = Pods.xcodeproj; sourceTree = "<group>"; };
		63A33A372E0105C400F42E6C /* Prestige.xcodeproj */ = {isa = PBXFileReference; lastKnownFileType = "wrapper.pb-project"; path = Prestige.xcodeproj; sourceTree = "<group>"; };
		63A365B82E0108FA00F42E6C /* Pods.xcodeproj */ = {isa = PBXFileReference; lastKnownFileType = "wrapper.pb-project"; path = Pods.xcodeproj; sourceTree = "<group>"; };
		63A365DB2E0108FA00F42E6C /* Prestige.xcodeproj */ = {isa = PBXFileReference; lastKnownFileType = "wrapper.pb-project"; path = Prestige.xcodeproj; sourceTree = "<group>"; };
		63E5257E2E00FFCF0005F800 /* Prestige.xcodeproj */ = {isa = PBXFileReference; lastKnownFileType = "wrapper.pb-project"; path = Prestige.xcodeproj; sourceTree = "<group>"; };
		9697ACC42A367108C5EB5A15 /* Pods_Prestige.framework */ = {isa = PBXFileReference; explicitFileType = wrapper.framework; includeInIndex = 0; path = Pods_Prestige.framework; sourceTree = BUILT_PRODUCTS_DIR; };
		B5A5A0D62DC3F5D900C7F5BE /* Prestige.app */ = {isa = PBXFileReference; explicitFileType = wrapper.application; includeInIndex = 0; path = Prestige.app; sourceTree = BUILT_PRODUCTS_DIR; };
		B5A5A0E32DC3F5DB00C7F5BE /* PrestigeTests.xctest */ = {isa = PBXFileReference; explicitFileType = wrapper.cfbundle; includeInIndex = 0; path = PrestigeTests.xctest; sourceTree = BUILT_PRODUCTS_DIR; };
		B5A5A0ED2DC3F5DB00C7F5BE /* PrestigeUITests.xctest */ = {isa = PBXFileReference; explicitFileType = wrapper.cfbundle; includeInIndex = 0; path = PrestigeUITests.xctest; sourceTree = BUILT_PRODUCTS_DIR; };
		D5269C809964262BD7F4C96C /* Pods-Prestige.release.xcconfig */ = {isa = PBXFileReference; includeInIndex = 1; lastKnownFileType = text.xcconfig; name = "Pods-Prestige.release.xcconfig"; path = "Target Support Files/Pods-Prestige/Pods-Prestige.release.xcconfig"; sourceTree = "<group>"; };
/* End PBXFileReference section */

/* Begin PBXFileSystemSynchronizedBuildFileExceptionSet section */
		63A372172E0125B600F42E6C /* Exceptions for "Prestige" folder in "Prestige" target */ = {
			isa = PBXFileSystemSynchronizedBuildFileExceptionSet;
			membershipExceptions = (
				Pods/FirebaseAnalytics/Frameworks/FirebaseAnalytics.xcframework,
				Pods/GoogleAdsOnDeviceConversion/Frameworks/GoogleAdsOnDeviceConversion.xcframework,
				Pods/GoogleAppMeasurement/Frameworks/GoogleAppMeasurement.xcframework,
				Pods/GoogleAppMeasurement/Frameworks/GoogleAppMeasurementIdentitySupport.xcframework,
			);
			target = B5A5A0D52DC3F5D900C7F5BE /* Prestige */;
		};
/* End PBXFileSystemSynchronizedBuildFileExceptionSet section */

/* Begin PBXFileSystemSynchronizedRootGroup section */
		B5A5A0D82DC3F5D900C7F5BE /* Prestige */ = {
			isa = PBXFileSystemSynchronizedRootGroup;
			exceptions = (
				63A372172E0125B600F42E6C /* Exceptions for "Prestige" folder in "Prestige" target */,
			);
			path = Prestige;
			sourceTree = "<group>";
		};
/* End PBXFileSystemSynchronizedRootGroup section */

/* Begin PBXFrameworksBuildPhase section */
		B5A5A0D32DC3F5D900C7F5BE /* Frameworks */ = {
			isa = PBXFrameworksBuildPhase;
			buildActionMask = 2147483647;
			files = (
				63097E6C2DECE38D00137CD1 /* FirebaseAppCheck in Frameworks */,
				63097E942DECE38D00137CD1 /* FirebaseVertexAI in Frameworks */,
				63E524722E00DD890005F800 /* FirebaseFunctions in Frameworks */,
				63097E682DECE38D00137CD1 /* FirebaseAnalyticsOnDeviceConversion in Frameworks */,
				63E524602E00DD890005F800 /* FirebaseAnalyticsOnDeviceConversion in Frameworks */,
				63E5246E2E00DD890005F800 /* FirebaseDynamicLinks in Frameworks */,
				63E5245E2E00DD890005F800 /* FirebaseAnalytics in Frameworks */,
				63E524642E00DD890005F800 /* FirebaseAppCheck in Frameworks */,
				63097E922DECE38D00137CD1 /* FirebaseStorageCombine-Community in Frameworks */,
				63097E862DECE38D00137CD1 /* FirebaseInstallations in Frameworks */,
				63E524762E00DD890005F800 /* FirebaseInAppMessaging-Beta in Frameworks */,
				63E5247E2E00DD890005F800 /* FirebasePerformance in Frameworks */,
				63097E842DECE38D00137CD1 /* FirebaseInAppMessaging-Beta in Frameworks */,
				63E524782E00DD890005F800 /* FirebaseInstallations in Frameworks */,
				63E524702E00DD890005F800 /* FirebaseFirestoreCombine-Community in Frameworks */,
				63E524622E00DD890005F800 /* FirebaseAnalyticsWithoutAdIdSupport in Frameworks */,
				63097E762DECE38D00137CD1 /* FirebaseCrashlytics in Frameworks */,
				63097E782DECE38D00137CD1 /* FirebaseDatabase in Frameworks */,
				63097E822DECE38D00137CD1 /* FirebaseFunctionsCombine-Community in Frameworks */,
				63E524842E00DD890005F800 /* FirebaseVertexAI in Frameworks */,
				63E524822E00DD890005F800 /* FirebaseStorageCombine-Community in Frameworks */,
				63E524BD2E00F61D0005F800 /* FirebaseMessaging in Frameworks */,
				63097E6A2DECE38D00137CD1 /* FirebaseAnalyticsWithoutAdIdSupport in Frameworks */,
				63E524662E00DD890005F800 /* FirebaseAppDistribution-Beta in Frameworks */,
				63097E8E2DECE38D00137CD1 /* FirebaseRemoteConfig in Frameworks */,
				63097E662DECE38D00137CD1 /* FirebaseAnalytics in Frameworks */,
				63097E8A2DECE38D00137CD1 /* FirebaseMessaging in Frameworks */,
				63E524682E00DD890005F800 /* FirebaseAuthCombine-Community in Frameworks */,
				63E5247A2E00DD890005F800 /* FirebaseMLModelDownloader in Frameworks */,
				63097E882DECE38D00137CD1 /* FirebaseMLModelDownloader in Frameworks */,
				63E5247C2E00DD890005F800 /* FirebaseMessaging in Frameworks */,
				63E524BB2E00F61D0005F800 /* FirebaseInAppMessaging-Beta in Frameworks */,
				63097E8C2DECE38D00137CD1 /* FirebasePerformance in Frameworks */,
				63097E6E2DECE38D00137CD1 /* FirebaseAppDistribution-Beta in Frameworks */,
				63097E722DECE38D00137CD1 /* FirebaseAuthCombine-Community in Frameworks */,
				63097E802DECE38D00137CD1 /* FirebaseFunctions in Frameworks */,
				63E524802E00DD890005F800 /* FirebaseRemoteConfig in Frameworks */,
				63097E7A2DECE38D00137CD1 /* FirebaseDynamicLinks in Frameworks */,
				63E5246A2E00DD890005F800 /* FirebaseCrashlytics in Frameworks */,
				63E5246C2E00DD890005F800 /* FirebaseDatabase in Frameworks */,
				63097E7E2DECE38D00137CD1 /* FirebaseFirestoreCombine-Community in Frameworks */,
				63E524742E00DD890005F800 /* FirebaseFunctionsCombine-Community in Frameworks */,
				56B66CCD6712D9044AE2295A /* Pods_Prestige.framework in Frameworks */,
			);
			runOnlyForDeploymentPostprocessing = 0;
		};
		B5A5A0E02DC3F5DB00C7F5BE /* Frameworks */ = {
			isa = PBXFrameworksBuildPhase;
			buildActionMask = 2147483647;
			files = (
				63097E742DECE38D00137CD1 /* FirebaseCore in Frameworks */,
				63097E902DECE38D00137CD1 /* FirebaseStorage in Frameworks */,
				63097E702DECE38D00137CD1 /* FirebaseAuth in Frameworks */,
				63097E7C2DECE38D00137CD1 /* FirebaseFirestore in Frameworks */,
			);
			runOnlyForDeploymentPostprocessing = 0;
		};
		B5A5A0EA2DC3F5DB00C7F5BE /* Frameworks */ = {
			isa = PBXFrameworksBuildPhase;
			buildActionMask = 2147483647;
			files = (
			);
			runOnlyForDeploymentPostprocessing = 0;
		};
/* End PBXFrameworksBuildPhase section */

/* Begin PBXGroup section */
		269993EB389DACA2C2B10D42 /* Pods */ = {
			isa = PBXGroup;
			children = (
				479512B133E993393F906347 /* Pods-Prestige.debug.xcconfig */,
				D5269C809964262BD7F4C96C /* Pods-Prestige.release.xcconfig */,
			);
			path = Pods;
			sourceTree = "<group>";
		};
		42C96A6AF494A771507D4A33 /* Frameworks */ = {
			isa = PBXGroup;
			children = (
				9697ACC42A367108C5EB5A15 /* Pods_Prestige.framework */,
			);
			name = Frameworks;
			sourceTree = "<group>";
		};
		6327045B2E0126FE0067D73E /* Products */ = {
			isa = PBXGroup;
			children = (
			);
			name = Products;
			sourceTree = "<group>";
		};
		6327045D2E0126FE0067D73E /* Products */ = {
			isa = PBXGroup;
			children = (
			);
			name = Products;
			sourceTree = "<group>";
		};
		6327300A2E012A0C0067D73E /* Products */ = {
			isa = PBXGroup;
			children = (
			);
			name = Products;
			sourceTree = "<group>";
		};
		6327300C2E012A0C0067D73E /* Products */ = {
			isa = PBXGroup;
			children = (
			);
			name = Products;
			sourceTree = "<group>";
		};
		63A33A392E0105C400F42E6C /* Products */ = {
			isa = PBXGroup;
			children = (
			);
			name = Products;
			sourceTree = "<group>";
		};
		63A33A3B2E0105C400F42E6C /* Products */ = {
			isa = PBXGroup;
			children = (
			);
			name = Products;
			sourceTree = "<group>";
		};
		63A365DD2E0108FA00F42E6C /* Products */ = {
			isa = PBXGroup;
			children = (
			);
			name = Products;
			sourceTree = "<group>";
		};
		63A365DF2E0108FA00F42E6C /* Products */ = {
			isa = PBXGroup;
			children = (
			);
			name = Products;
			sourceTree = "<group>";
		};
		63E5257F2E00FFCF0005F800 /* Products */ = {
			isa = PBXGroup;
			children = (
			);
			name = Products;
			sourceTree = "<group>";
		};
		B5A5A0CD2DC3F5D900C7F5BE = {
			isa = PBXGroup;
			children = (
				B5A5A0D82DC3F5D900C7F5BE /* Prestige */,
				B5A5A0D72DC3F5D900C7F5BE /* Products */,
				269993EB389DACA2C2B10D42 /* Pods */,
				42C96A6AF494A771507D4A33 /* Frameworks */,
			);
			sourceTree = "<group>";
		};
		B5A5A0D72DC3F5D900C7F5BE /* Products */ = {
			isa = PBXGroup;
			children = (
				B5A5A0D62DC3F5D900C7F5BE /* Prestige.app */,
				B5A5A0E32DC3F5DB00C7F5BE /* PrestigeTests.xctest */,
				B5A5A0ED2DC3F5DB00C7F5BE /* PrestigeUITests.xctest */,
			);
			name = Products;
			sourceTree = "<group>";
		};
/* End PBXGroup section */

/* Begin PBXNativeTarget section */
		B5A5A0D52DC3F5D900C7F5BE /* Prestige */ = {
			isa = PBXNativeTarget;
			buildConfigurationList = B5A5A0F72DC3F5DB00C7F5BE /* Build configuration list for PBXNativeTarget "Prestige" */;
			buildPhases = (
				2ED41950B5353A6E196C7BBB /* [CP] Check Pods Manifest.lock */,
				B5A5A0D22DC3F5D900C7F5BE /* Sources */,
				B5A5A0D32DC3F5D900C7F5BE /* Frameworks */,
				B5A5A0D42DC3F5D900C7F5BE /* Resources */,
				C1D2C404775997B8B5763222 /* [CP] Embed Pods Frameworks */,
			);
			buildRules = (
			);
			dependencies = (
			);
			fileSystemSynchronizedGroups = (
				B5A5A0D82DC3F5D900C7F5BE /* Prestige */,
			);
			name = Prestige;
			packageProductDependencies = (
				63097E652DECE38D00137CD1 /* FirebaseAnalytics */,
				63097E672DECE38D00137CD1 /* FirebaseAnalyticsOnDeviceConversion */,
				63097E692DECE38D00137CD1 /* FirebaseAnalyticsWithoutAdIdSupport */,
				63097E6B2DECE38D00137CD1 /* FirebaseAppCheck */,
				63097E6D2DECE38D00137CD1 /* FirebaseAppDistribution-Beta */,
				63097E712DECE38D00137CD1 /* FirebaseAuthCombine-Community */,
				63097E752DECE38D00137CD1 /* FirebaseCrashlytics */,
				63097E772DECE38D00137CD1 /* FirebaseDatabase */,
				63097E792DECE38D00137CD1 /* FirebaseDynamicLinks */,
				63097E7D2DECE38D00137CD1 /* FirebaseFirestoreCombine-Community */,
				63097E7F2DECE38D00137CD1 /* FirebaseFunctions */,
				63097E812DECE38D00137CD1 /* FirebaseFunctionsCombine-Community */,
				63097E832DECE38D00137CD1 /* FirebaseInAppMessaging-Beta */,
				63097E852DECE38D00137CD1 /* FirebaseInstallations */,
				63097E872DECE38D00137CD1 /* FirebaseMLModelDownloader */,
				63097E892DECE38D00137CD1 /* FirebaseMessaging */,
				63097E8B2DECE38D00137CD1 /* FirebasePerformance */,
				63097E8D2DECE38D00137CD1 /* FirebaseRemoteConfig */,
				63097E912DECE38D00137CD1 /* FirebaseStorageCombine-Community */,
				63097E932DECE38D00137CD1 /* FirebaseVertexAI */,
				63E5245D2E00DD890005F800 /* FirebaseAnalytics */,
				63E5245F2E00DD890005F800 /* FirebaseAnalyticsOnDeviceConversion */,
				63E524612E00DD890005F800 /* FirebaseAnalyticsWithoutAdIdSupport */,
				63E524632E00DD890005F800 /* FirebaseAppCheck */,
				63E524652E00DD890005F800 /* FirebaseAppDistribution-Beta */,
				63E524672E00DD890005F800 /* FirebaseAuthCombine-Community */,
				63E524692E00DD890005F800 /* FirebaseCrashlytics */,
				63E5246B2E00DD890005F800 /* FirebaseDatabase */,
				63E5246D2E00DD890005F800 /* FirebaseDynamicLinks */,
				63E5246F2E00DD890005F800 /* FirebaseFirestoreCombine-Community */,
				63E524712E00DD890005F800 /* FirebaseFunctions */,
				63E524732E00DD890005F800 /* FirebaseFunctionsCombine-Community */,
				63E524752E00DD890005F800 /* FirebaseInAppMessaging-Beta */,
				63E524772E00DD890005F800 /* FirebaseInstallations */,
				63E524792E00DD890005F800 /* FirebaseMLModelDownloader */,
				63E5247B2E00DD890005F800 /* FirebaseMessaging */,
				63E5247D2E00DD890005F800 /* FirebasePerformance */,
				63E5247F2E00DD890005F800 /* FirebaseRemoteConfig */,
				63E524812E00DD890005F800 /* FirebaseStorageCombine-Community */,
				63E524832E00DD890005F800 /* FirebaseVertexAI */,
				63E524BA2E00F61D0005F800 /* FirebaseInAppMessaging-Beta */,
				63E524BC2E00F61D0005F800 /* FirebaseMessaging */,
			);
			productName = Prestige;
			productReference = B5A5A0D62DC3F5D900C7F5BE /* Prestige.app */;
			productType = "com.apple.product-type.application";
		};
		B5A5A0E22DC3F5DB00C7F5BE /* PrestigeTests */ = {
			isa = PBXNativeTarget;
			buildConfigurationList = B5A5A0FA2DC3F5DB00C7F5BE /* Build configuration list for PBXNativeTarget "PrestigeTests" */;
			buildPhases = (
				B5A5A0DF2DC3F5DB00C7F5BE /* Sources */,
				B5A5A0E02DC3F5DB00C7F5BE /* Frameworks */,
				B5A5A0E12DC3F5DB00C7F5BE /* Resources */,
			);
			buildRules = (
			);
			dependencies = (
				B5A5A0E52DC3F5DB00C7F5BE /* PBXTargetDependency */,
			);
			name = PrestigeTests;
			packageProductDependencies = (
				63097E6F2DECE38D00137CD1 /* FirebaseAuth */,
				63097E732DECE38D00137CD1 /* FirebaseCore */,
				63097E7B2DECE38D00137CD1 /* FirebaseFirestore */,
				63097E8F2DECE38D00137CD1 /* FirebaseStorage */,
			);
			productName = PrestigeTests;
			productReference = B5A5A0E32DC3F5DB00C7F5BE /* PrestigeTests.xctest */;
			productType = "com.apple.product-type.bundle.unit-test";
		};
		B5A5A0EC2DC3F5DB00C7F5BE /* PrestigeUITests */ = {
			isa = PBXNativeTarget;
			buildConfigurationList = B5A5A0FD2DC3F5DB00C7F5BE /* Build configuration list for PBXNativeTarget "PrestigeUITests" */;
			buildPhases = (
				B5A5A0E92DC3F5DB00C7F5BE /* Sources */,
				B5A5A0EA2DC3F5DB00C7F5BE /* Frameworks */,
				B5A5A0EB2DC3F5DB00C7F5BE /* Resources */,
			);
			buildRules = (
			);
			dependencies = (
				B5A5A0EF2DC3F5DB00C7F5BE /* PBXTargetDependency */,
			);
			name = PrestigeUITests;
			productName = PrestigeUITests;
			productReference = B5A5A0ED2DC3F5DB00C7F5BE /* PrestigeUITests.xctest */;
			productType = "com.apple.product-type.bundle.ui-testing";
		};
/* End PBXNativeTarget section */

/* Begin PBXProject section */
		B5A5A0CE2DC3F5D900C7F5BE /* Project object */ = {
			isa = PBXProject;
			attributes = {
				BuildIndependentTargetsInParallel = 1;
				LastSwiftUpdateCheck = 1630;
				LastUpgradeCheck = 1630;
				TargetAttributes = {
					B5A5A0D52DC3F5D900C7F5BE = {
						CreatedOnToolsVersion = 16.3;
					};
					B5A5A0E22DC3F5DB00C7F5BE = {
						CreatedOnToolsVersion = 16.3;
						TestTargetID = B5A5A0D52DC3F5D900C7F5BE;
					};
					B5A5A0EC2DC3F5DB00C7F5BE = {
						CreatedOnToolsVersion = 16.3;
						TestTargetID = B5A5A0D52DC3F5D900C7F5BE;
					};
				};
			};
			buildConfigurationList = B5A5A0D12DC3F5D900C7F5BE /* Build configuration list for PBXProject "Prestige" */;
			developmentRegion = en;
			hasScannedForEncodings = 0;
			knownRegions = (
				en,
				Base,
			);
			mainGroup = B5A5A0CD2DC3F5D900C7F5BE;
			minimizedProjectReferenceProxies = 1;
			preferredProjectObjectVersion = 77;
			productRefGroup = B5A5A0D72DC3F5D900C7F5BE /* Products */;
			projectDirPath = "";
			projectReferences = (
				{
					ProductGroup = 6327045B2E0126FE0067D73E /* Products */;
					ProjectRef = 632704352E0126FE0067D73E /* Pods.xcodeproj */;
				},
				{
					ProductGroup = 6327300A2E012A0C0067D73E /* Products */;
					ProjectRef = 63272FE42E012A0C0067D73E /* Pods.xcodeproj */;
				},
				{
					ProductGroup = 63A33A3B2E0105C400F42E6C /* Products */;
					ProjectRef = 63A33A142E0105C400F42E6C /* Pods.xcodeproj */;
				},
				{
					ProductGroup = 63A365DF2E0108FA00F42E6C /* Products */;
					ProjectRef = 63A365B82E0108FA00F42E6C /* Pods.xcodeproj */;
				},
				{
					ProductGroup = 6327300C2E012A0C0067D73E /* Products */;
					ProjectRef = 632730082E012A0C0067D73E /* Prestige.xcodeproj */;
				},
				{
					ProductGroup = 63A33A392E0105C400F42E6C /* Products */;
					ProjectRef = 63A33A372E0105C400F42E6C /* Prestige.xcodeproj */;
				},
				{
					ProductGroup = 63A365DD2E0108FA00F42E6C /* Products */;
					ProjectRef = 63A365DB2E0108FA00F42E6C /* Prestige.xcodeproj */;
				},
				{
					ProductGroup = 6327045D2E0126FE0067D73E /* Products */;
					ProjectRef = 632704592E0126FE0067D73E /* Prestige.xcodeproj */;
				},
				{
					ProductGroup = 63E5257F2E00FFCF0005F800 /* Products */;
					ProjectRef = 63E5257E2E00FFCF0005F800 /* Prestige.xcodeproj */;
				},
			);
			projectRoot = "";
			targets = (
				B5A5A0D52DC3F5D900C7F5BE /* Prestige */,
				B5A5A0E22DC3F5DB00C7F5BE /* PrestigeTests */,
				B5A5A0EC2DC3F5DB00C7F5BE /* PrestigeUITests */,
			);
		};
/* End PBXProject section */

/* Begin PBXResourcesBuildPhase section */
		B5A5A0D42DC3F5D900C7F5BE /* Resources */ = {
			isa = PBXResourcesBuildPhase;
			buildActionMask = 2147483647;
			files = (
			);
			runOnlyForDeploymentPostprocessing = 0;
		};
		B5A5A0E12DC3F5DB00C7F5BE /* Resources */ = {
			isa = PBXResourcesBuildPhase;
			buildActionMask = 2147483647;
			files = (
			);
			runOnlyForDeploymentPostprocessing = 0;
		};
		B5A5A0EB2DC3F5DB00C7F5BE /* Resources */ = {
			isa = PBXResourcesBuildPhase;
			buildActionMask = 2147483647;
			files = (
			);
			runOnlyForDeploymentPostprocessing = 0;
		};
/* End PBXResourcesBuildPhase section */

/* Begin PBXShellScriptBuildPhase section */
		2ED41950B5353A6E196C7BBB /* [CP] Check Pods Manifest.lock */ = {
			isa = PBXShellScriptBuildPhase;
			buildActionMask = 2147483647;
			files = (
			);
			inputFileListPaths = (
			);
			inputPaths = (
				"${PODS_PODFILE_DIR_PATH}/Podfile.lock",
				"${PODS_ROOT}/Manifest.lock",
			);
			name = "[CP] Check Pods Manifest.lock";
			outputFileListPaths = (
			);
			outputPaths = (
				"$(DERIVED_FILE_DIR)/Pods-Prestige-checkManifestLockResult.txt",
			);
			runOnlyForDeploymentPostprocessing = 0;
			shellPath = /bin/sh;
			shellScript = "diff \"${PODS_PODFILE_DIR_PATH}/Podfile.lock\" \"${PODS_ROOT}/Manifest.lock\" > /dev/null\nif [ $? != 0 ] ; then\n    # print error to STDERR\n    echo \"error: The sandbox is not in sync with the Podfile.lock. Run 'pod install' or update your CocoaPods installation.\" >&2\n    exit 1\nfi\n# This output is used by Xcode 'outputs' to avoid re-running this script phase.\necho \"SUCCESS\" > \"${SCRIPT_OUTPUT_FILE_0}\"\n";
			showEnvVarsInLog = 0;
		};
		C1D2C404775997B8B5763222 /* [CP] Embed Pods Frameworks */ = {
			isa = PBXShellScriptBuildPhase;
			buildActionMask = 2147483647;
			files = (
			);
			inputFileListPaths = (
				"${PODS_ROOT}/Target Support Files/Pods-Prestige/Pods-Prestige-frameworks-${CONFIGURATION}-input-files.xcfilelist",
			);
			name = "[CP] Embed Pods Frameworks";
			outputFileListPaths = (
				"${PODS_ROOT}/Target Support Files/Pods-Prestige/Pods-Prestige-frameworks-${CONFIGURATION}-output-files.xcfilelist",
			);
			runOnlyForDeploymentPostprocessing = 0;
			shellPath = /bin/sh;
			shellScript = "\"${PODS_ROOT}/Target Support Files/Pods-Prestige/Pods-Prestige-frameworks.sh\"\n";
			showEnvVarsInLog = 0;
		};
/* End PBXShellScriptBuildPhase section */

/* Begin PBXSourcesBuildPhase section */
		B5A5A0D22DC3F5D900C7F5BE /* Sources */ = {
			isa = PBXSourcesBuildPhase;
			buildActionMask = 2147483647;
			files = (
			);
			runOnlyForDeploymentPostprocessing = 0;
		};
		B5A5A0DF2DC3F5DB00C7F5BE /* Sources */ = {
			isa = PBXSourcesBuildPhase;
			buildActionMask = 2147483647;
			files = (
			);
			runOnlyForDeploymentPostprocessing = 0;
		};
		B5A5A0E92DC3F5DB00C7F5BE /* Sources */ = {
			isa = PBXSourcesBuildPhase;
			buildActionMask = 2147483647;
			files = (
			);
			runOnlyForDeploymentPostprocessing = 0;
		};
/* End PBXSourcesBuildPhase section */

/* Begin PBXTargetDependency section */
		B5A5A0E52DC3F5DB00C7F5BE /* PBXTargetDependency */ = {
			isa = PBXTargetDependency;
			target = B5A5A0D52DC3F5D900C7F5BE /* Prestige */;
			targetProxy = B5A5A0E42DC3F5DB00C7F5BE /* PBXContainerItemProxy */;
		};
		B5A5A0EF2DC3F5DB00C7F5BE /* PBXTargetDependency */ = {
			isa = PBXTargetDependency;
			target = B5A5A0D52DC3F5D900C7F5BE /* Prestige */;
			targetProxy = B5A5A0EE2DC3F5DB00C7F5BE /* PBXContainerItemProxy */;
		};
/* End PBXTargetDependency section */

/* Begin XCBuildConfiguration section */
		B5A5A0F52DC3F5DB00C7F5BE /* Debug */ = {
			isa = XCBuildConfiguration;
			buildSettings = {
				ALWAYS_SEARCH_USER_PATHS = NO;
				ASSETCATALOG_COMPILER_GENERATE_SWIFT_ASSET_SYMBOL_EXTENSIONS = YES;
				CLANG_ALLOW_NON_MODULAR_INCLUDES_IN_FRAMEWORK_MODULES = YES;
				CLANG_ANALYZER_NONNULL = YES;
				CLANG_ANALYZER_NUMBER_OBJECT_CONVERSION = YES_AGGRESSIVE;
				CLANG_CXX_LANGUAGE_STANDARD = "gnu++20";
				CLANG_ENABLE_MODULES = YES;
				CLANG_ENABLE_OBJC_ARC = YES;
				CLANG_ENABLE_OBJC_WEAK = YES;
				CLANG_WARN_BLOCK_CAPTURE_AUTORELEASING = YES;
				CLANG_WARN_BOOL_CONVERSION = YES;
				CLANG_WARN_COMMA = YES;
				CLANG_WARN_CONSTANT_CONVERSION = YES;
				CLANG_WARN_DEPRECATED_OBJC_IMPLEMENTATIONS = YES;
				CLANG_WARN_DIRECT_OBJC_ISA_USAGE = YES_ERROR;
				CLANG_WARN_DOCUMENTATION_COMMENTS = YES;
				CLANG_WARN_EMPTY_BODY = YES;
				CLANG_WARN_ENUM_CONVERSION = YES;
				CLANG_WARN_INFINITE_RECURSION = YES;
				CLANG_WARN_INT_CONVERSION = YES;
				CLANG_WARN_NON_LITERAL_NULL_CONVERSION = YES;
				CLANG_WARN_OBJC_IMPLICIT_RETAIN_SELF = YES;
				CLANG_WARN_OBJC_LITERAL_CONVERSION = YES;
				CLANG_WARN_OBJC_ROOT_CLASS = YES_ERROR;
				CLANG_WARN_QUOTED_INCLUDE_IN_FRAMEWORK_HEADER = YES;
				CLANG_WARN_RANGE_LOOP_ANALYSIS = YES;
				CLANG_WARN_STRICT_PROTOTYPES = YES;
				CLANG_WARN_SUSPICIOUS_MOVE = YES;
				CLANG_WARN_UNGUARDED_AVAILABILITY = YES_AGGRESSIVE;
				CLANG_WARN_UNREACHABLE_CODE = YES;
				CLANG_WARN__DUPLICATE_METHOD_MATCH = YES;
				COPY_PHASE_STRIP = NO;
				DEBUG_INFORMATION_FORMAT = dwarf;
				ENABLE_MODULE_VERIFIER = YES;
				ENABLE_STRICT_OBJC_MSGSEND = YES;
				ENABLE_TESTABILITY = YES;
				ENABLE_USER_SCRIPT_SANDBOXING = YES;
				GCC_C_LANGUAGE_STANDARD = gnu17;
				GCC_DYNAMIC_NO_PIC = NO;
				GCC_NO_COMMON_BLOCKS = YES;
				GCC_OPTIMIZATION_LEVEL = 0;
				GCC_PREPROCESSOR_DEFINITIONS = (
					"DEBUG=1",
					"$(inherited)",
				);
				GCC_WARN_64_TO_32_BIT_CONVERSION = YES;
				GCC_WARN_ABOUT_RETURN_TYPE = YES_ERROR;
				GCC_WARN_UNDECLARED_SELECTOR = YES;
				GCC_WARN_UNINITIALIZED_AUTOS = YES_AGGRESSIVE;
				GCC_WARN_UNUSED_FUNCTION = YES;
				GCC_WARN_UNUSED_VARIABLE = YES;
				"HEADER_SEARCH_PATHS[arch=*]" = "   /opt/homebrew/include";
				IPHONEOS_DEPLOYMENT_TARGET = 18.4;
				"LIBRARY_SEARCH_PATHS[arch=*]" = "   /opt/homebrew/lib";
				LOCALIZATION_PREFERS_STRING_CATALOGS = YES;
				MTL_ENABLE_DEBUG_INFO = INCLUDE_SOURCE;
				MTL_FAST_MATH = YES;
				ONLY_ACTIVE_ARCH = YES;
				"OTHER_LDFLAGS[arch=*]" = "   -lcassandra";
				SDKROOT = iphoneos;
				SWIFT_ACTIVE_COMPILATION_CONDITIONS = "DEBUG $(inherited)";
				SWIFT_OBJC_BRIDGING_HEADER = "";
				SWIFT_OPTIMIZATION_LEVEL = "-Onone";
			};
			name = Debug;
		};
		B5A5A0F62DC3F5DB00C7F5BE /* Release */ = {
			isa = XCBuildConfiguration;
			buildSettings = {
				ALWAYS_SEARCH_USER_PATHS = NO;
				ASSETCATALOG_COMPILER_GENERATE_SWIFT_ASSET_SYMBOL_EXTENSIONS = YES;
				CLANG_ALLOW_NON_MODULAR_INCLUDES_IN_FRAMEWORK_MODULES = YES;
				CLANG_ANALYZER_NONNULL = YES;
				CLANG_ANALYZER_NUMBER_OBJECT_CONVERSION = YES_AGGRESSIVE;
				CLANG_CXX_LANGUAGE_STANDARD = "gnu++20";
				CLANG_ENABLE_MODULES = YES;
				CLANG_ENABLE_OBJC_ARC = YES;
				CLANG_ENABLE_OBJC_WEAK = YES;
				CLANG_WARN_BLOCK_CAPTURE_AUTORELEASING = YES;
				CLANG_WARN_BOOL_CONVERSION = YES;
				CLANG_WARN_COMMA = YES;
				CLANG_WARN_CONSTANT_CONVERSION = YES;
				CLANG_WARN_DEPRECATED_OBJC_IMPLEMENTATIONS = YES;
				CLANG_WARN_DIRECT_OBJC_ISA_USAGE = YES_ERROR;
				CLANG_WARN_DOCUMENTATION_COMMENTS = YES;
				CLANG_WARN_EMPTY_BODY = YES;
				CLANG_WARN_ENUM_CONVERSION = YES;
				CLANG_WARN_INFINITE_RECURSION = YES;
				CLANG_WARN_INT_CONVERSION = YES;
				CLANG_WARN_NON_LITERAL_NULL_CONVERSION = YES;
				CLANG_WARN_OBJC_IMPLICIT_RETAIN_SELF = YES;
				CLANG_WARN_OBJC_LITERAL_CONVERSION = YES;
				CLANG_WARN_OBJC_ROOT_CLASS = YES_ERROR;
				CLANG_WARN_QUOTED_INCLUDE_IN_FRAMEWORK_HEADER = YES;
				CLANG_WARN_RANGE_LOOP_ANALYSIS = YES;
				CLANG_WARN_STRICT_PROTOTYPES = YES;
				CLANG_WARN_SUSPICIOUS_MOVE = YES;
				CLANG_WARN_UNGUARDED_AVAILABILITY = YES_AGGRESSIVE;
				CLANG_WARN_UNREACHABLE_CODE = YES;
				CLANG_WARN__DUPLICATE_METHOD_MATCH = YES;
				COPY_PHASE_STRIP = NO;
				DEBUG_INFORMATION_FORMAT = "dwarf-with-dsym";
				ENABLE_MODULE_VERIFIER = YES;
				ENABLE_NS_ASSERTIONS = NO;
				ENABLE_STRICT_OBJC_MSGSEND = YES;
				ENABLE_USER_SCRIPT_SANDBOXING = YES;
				GCC_C_LANGUAGE_STANDARD = gnu17;
				GCC_NO_COMMON_BLOCKS = YES;
				GCC_WARN_64_TO_32_BIT_CONVERSION = YES;
				GCC_WARN_ABOUT_RETURN_TYPE = YES_ERROR;
				GCC_WARN_UNDECLARED_SELECTOR = YES;
				GCC_WARN_UNINITIALIZED_AUTOS = YES_AGGRESSIVE;
				GCC_WARN_UNUSED_FUNCTION = YES;
				GCC_WARN_UNUSED_VARIABLE = YES;
				"HEADER_SEARCH_PATHS[arch=*]" = "   /opt/homebrew/include";
				IPHONEOS_DEPLOYMENT_TARGET = 18.4;
				"LIBRARY_SEARCH_PATHS[arch=*]" = "   /opt/homebrew/lib";
				LOCALIZATION_PREFERS_STRING_CATALOGS = YES;
				MTL_ENABLE_DEBUG_INFO = NO;
				MTL_FAST_MATH = YES;
				"OTHER_LDFLAGS[arch=*]" = "   -lcassandra";
				SDKROOT = iphoneos;
				SWIFT_COMPILATION_MODE = wholemodule;
				SWIFT_OBJC_BRIDGING_HEADER = "";
				VALIDATE_PRODUCT = YES;
			};
			name = Release;
		};
		B5A5A0F82DC3F5DB00C7F5BE /* Debug */ = {
			isa = XCBuildConfiguration;
			baseConfigurationReference = 479512B133E993393F906347 /* Pods-Prestige.debug.xcconfig */;
			buildSettings = {
				ASSETCATALOG_COMPILER_APPICON_NAME = AppIcon;
				ASSETCATALOG_COMPILER_GLOBAL_ACCENT_COLOR_NAME = AccentColor;
				CODE_SIGN_STYLE = Automatic;
				CURRENT_PROJECT_VERSION = 1;
				DEVELOPMENT_TEAM = D6G554PG36;
				ENABLE_PREVIEWS = YES;
				GENERATE_INFOPLIST_FILE = YES;
				INFOPLIST_KEY_UIApplicationSceneManifest_Generation = YES;
				INFOPLIST_KEY_UIApplicationSupportsIndirectInputEvents = YES;
				INFOPLIST_KEY_UILaunchScreen_Generation = YES;
				INFOPLIST_KEY_UISupportedInterfaceOrientations_iPad = "UIInterfaceOrientationPortrait UIInterfaceOrientationPortraitUpsideDown UIInterfaceOrientationLandscapeLeft UIInterfaceOrientationLandscapeRight";
				INFOPLIST_KEY_UISupportedInterfaceOrientations_iPhone = "UIInterfaceOrientationPortrait UIInterfaceOrientationLandscapeLeft UIInterfaceOrientationLandscapeRight";
				IPHONEOS_DEPLOYMENT_TARGET = 17.6;
				LD_RUNPATH_SEARCH_PATHS = (
					"$(inherited)",
					"@executable_path/Frameworks",
				);
				MARKETING_VERSION = 1.0;
				PRODUCT_BUNDLE_IDENTIFIER = "com.AT-Enterprises.Prestige";
				PRODUCT_NAME = "$(TARGET_NAME)";
				SWIFT_EMIT_LOC_STRINGS = YES;
				SWIFT_VERSION = 5.0;
				TARGETED_DEVICE_FAMILY = 1;
			};
			name = Debug;
		};
		B5A5A0F92DC3F5DB00C7F5BE /* Release */ = {
			isa = XCBuildConfiguration;
			baseConfigurationReference = D5269C809964262BD7F4C96C /* Pods-Prestige.release.xcconfig */;
			buildSettings = {
				ASSETCATALOG_COMPILER_APPICON_NAME = AppIcon;
				ASSETCATALOG_COMPILER_GLOBAL_ACCENT_COLOR_NAME = AccentColor;
				CODE_SIGN_STYLE = Automatic;
				CURRENT_PROJECT_VERSION = 1;
				DEVELOPMENT_TEAM = D6G554PG36;
				ENABLE_PREVIEWS = YES;
				GENERATE_INFOPLIST_FILE = YES;
				INFOPLIST_KEY_UIApplicationSceneManifest_Generation = YES;
				INFOPLIST_KEY_UIApplicationSupportsIndirectInputEvents = YES;
				INFOPLIST_KEY_UILaunchScreen_Generation = YES;
				INFOPLIST_KEY_UISupportedInterfaceOrientations_iPad = "UIInterfaceOrientationPortrait UIInterfaceOrientationPortraitUpsideDown UIInterfaceOrientationLandscapeLeft UIInterfaceOrientationLandscapeRight";
				INFOPLIST_KEY_UISupportedInterfaceOrientations_iPhone = "UIInterfaceOrientationPortrait UIInterfaceOrientationLandscapeLeft UIInterfaceOrientationLandscapeRight";
				IPHONEOS_DEPLOYMENT_TARGET = 17.6;
				LD_RUNPATH_SEARCH_PATHS = (
					"$(inherited)",
					"@executable_path/Frameworks",
				);
				MARKETING_VERSION = 1.0;
				PRODUCT_BUNDLE_IDENTIFIER = "com.AT-Enterprises.Prestige";
				PRODUCT_NAME = "$(TARGET_NAME)";
				SWIFT_EMIT_LOC_STRINGS = YES;
				SWIFT_VERSION = 5.0;
				TARGETED_DEVICE_FAMILY = 1;
			};
			name = Release;
		};
		B5A5A0FB2DC3F5DB00C7F5BE /* Debug */ = {
			isa = XCBuildConfiguration;
			buildSettings = {
				BUNDLE_LOADER = "$(TEST_HOST)";
				CODE_SIGN_STYLE = Automatic;
				CURRENT_PROJECT_VERSION = 1;
				GENERATE_INFOPLIST_FILE = YES;
				IPHONEOS_DEPLOYMENT_TARGET = 18.4;
				MARKETING_VERSION = 1.0;
				PRODUCT_BUNDLE_IDENTIFIER = "AT-Enterprises.PrestigeTests";
				PRODUCT_NAME = "$(TARGET_NAME)";
				SWIFT_EMIT_LOC_STRINGS = NO;
				SWIFT_VERSION = 5.0;
				TARGETED_DEVICE_FAMILY = "1,2";
				TEST_HOST = "$(BUILT_PRODUCTS_DIR)/Prestige.app/$(BUNDLE_EXECUTABLE_FOLDER_PATH)/Prestige";
			};
			name = Debug;
		};
		B5A5A0FC2DC3F5DB00C7F5BE /* Release */ = {
			isa = XCBuildConfiguration;
			buildSettings = {
				BUNDLE_LOADER = "$(TEST_HOST)";
				CODE_SIGN_STYLE = Automatic;
				CURRENT_PROJECT_VERSION = 1;
				GENERATE_INFOPLIST_FILE = YES;
				IPHONEOS_DEPLOYMENT_TARGET = 18.4;
				MARKETING_VERSION = 1.0;
				PRODUCT_BUNDLE_IDENTIFIER = "AT-Enterprises.PrestigeTests";
				PRODUCT_NAME = "$(TARGET_NAME)";
				SWIFT_EMIT_LOC_STRINGS = NO;
				SWIFT_VERSION = 5.0;
				TARGETED_DEVICE_FAMILY = "1,2";
				TEST_HOST = "$(BUILT_PRODUCTS_DIR)/Prestige.app/$(BUNDLE_EXECUTABLE_FOLDER_PATH)/Prestige";
			};
			name = Release;
		};
		B5A5A0FE2DC3F5DB00C7F5BE /* Debug */ = {
			isa = XCBuildConfiguration;
			buildSettings = {
				CODE_SIGN_STYLE = Automatic;
				CURRENT_PROJECT_VERSION = 1;
				GENERATE_INFOPLIST_FILE = YES;
				MARKETING_VERSION = 1.0;
				PRODUCT_BUNDLE_IDENTIFIER = "AT-Enterprises.PrestigeUITests";
				PRODUCT_NAME = "$(TARGET_NAME)";
				SWIFT_EMIT_LOC_STRINGS = NO;
				SWIFT_VERSION = 5.0;
				TARGETED_DEVICE_FAMILY = "1,2";
				TEST_TARGET_NAME = Prestige;
			};
			name = Debug;
		};
		B5A5A0FF2DC3F5DB00C7F5BE /* Release */ = {
			isa = XCBuildConfiguration;
			buildSettings = {
				CODE_SIGN_STYLE = Automatic;
				CURRENT_PROJECT_VERSION = 1;
				GENERATE_INFOPLIST_FILE = YES;
				MARKETING_VERSION = 1.0;
				PRODUCT_BUNDLE_IDENTIFIER = "AT-Enterprises.PrestigeUITests";
				PRODUCT_NAME = "$(TARGET_NAME)";
				SWIFT_EMIT_LOC_STRINGS = NO;
				SWIFT_VERSION = 5.0;
				TARGETED_DEVICE_FAMILY = "1,2";
				TEST_TARGET_NAME = Prestige;
			};
			name = Release;
		};
/* End XCBuildConfiguration section */

/* Begin XCConfigurationList section */
		B5A5A0D12DC3F5D900C7F5BE /* Build configuration list for PBXProject "Prestige" */ = {
			isa = XCConfigurationList;
			buildConfigurations = (
				B5A5A0F52DC3F5DB00C7F5BE /* Debug */,
				B5A5A0F62DC3F5DB00C7F5BE /* Release */,
			);
			defaultConfigurationIsVisible = 0;
			defaultConfigurationName = Release;
		};
		B5A5A0F72DC3F5DB00C7F5BE /* Build configuration list for PBXNativeTarget "Prestige" */ = {
			isa = XCConfigurationList;
			buildConfigurations = (
				B5A5A0F82DC3F5DB00C7F5BE /* Debug */,
				B5A5A0F92DC3F5DB00C7F5BE /* Release */,
			);
			defaultConfigurationIsVisible = 0;
			defaultConfigurationName = Release;
		};
		B5A5A0FA2DC3F5DB00C7F5BE /* Build configuration list for PBXNativeTarget "PrestigeTests" */ = {
			isa = XCConfigurationList;
			buildConfigurations = (
				B5A5A0FB2DC3F5DB00C7F5BE /* Debug */,
				B5A5A0FC2DC3F5DB00C7F5BE /* Release */,
			);
			defaultConfigurationIsVisible = 0;
			defaultConfigurationName = Release;
		};
		B5A5A0FD2DC3F5DB00C7F5BE /* Build configuration list for PBXNativeTarget "PrestigeUITests" */ = {
			isa = XCConfigurationList;
			buildConfigurations = (
				B5A5A0FE2DC3F5DB00C7F5BE /* Debug */,
				B5A5A0FF2DC3F5DB00C7F5BE /* Release */,
			);
			defaultConfigurationIsVisible = 0;
			defaultConfigurationName = Release;
		};
/* End XCConfigurationList section */

/* Begin XCSwiftPackageProductDependency section */
		63097E652DECE38D00137CD1 /* FirebaseAnalytics */ = {
			isa = XCSwiftPackageProductDependency;
			productName = FirebaseAnalytics;
		};
		63097E672DECE38D00137CD1 /* FirebaseAnalyticsOnDeviceConversion */ = {
			isa = XCSwiftPackageProductDependency;
			productName = FirebaseAnalyticsOnDeviceConversion;
		};
		63097E692DECE38D00137CD1 /* FirebaseAnalyticsWithoutAdIdSupport */ = {
			isa = XCSwiftPackageProductDependency;
			productName = FirebaseAnalyticsWithoutAdIdSupport;
		};
		63097E6B2DECE38D00137CD1 /* FirebaseAppCheck */ = {
			isa = XCSwiftPackageProductDependency;
			productName = FirebaseAppCheck;
		};
		63097E6D2DECE38D00137CD1 /* FirebaseAppDistribution-Beta */ = {
			isa = XCSwiftPackageProductDependency;
			productName = "FirebaseAppDistribution-Beta";
		};
		63097E6F2DECE38D00137CD1 /* FirebaseAuth */ = {
			isa = XCSwiftPackageProductDependency;
			productName = FirebaseAuth;
		};
		63097E712DECE38D00137CD1 /* FirebaseAuthCombine-Community */ = {
			isa = XCSwiftPackageProductDependency;
			productName = "FirebaseAuthCombine-Community";
		};
		63097E732DECE38D00137CD1 /* FirebaseCore */ = {
			isa = XCSwiftPackageProductDependency;
			productName = FirebaseCore;
		};
		63097E752DECE38D00137CD1 /* FirebaseCrashlytics */ = {
			isa = XCSwiftPackageProductDependency;
			productName = FirebaseCrashlytics;
		};
		63097E772DECE38D00137CD1 /* FirebaseDatabase */ = {
			isa = XCSwiftPackageProductDependency;
			productName = FirebaseDatabase;
		};
		63097E792DECE38D00137CD1 /* FirebaseDynamicLinks */ = {
			isa = XCSwiftPackageProductDependency;
			productName = FirebaseDynamicLinks;
		};
		63097E7B2DECE38D00137CD1 /* FirebaseFirestore */ = {
			isa = XCSwiftPackageProductDependency;
			productName = FirebaseFirestore;
		};
		63097E7D2DECE38D00137CD1 /* FirebaseFirestoreCombine-Community */ = {
			isa = XCSwiftPackageProductDependency;
			productName = "FirebaseFirestoreCombine-Community";
		};
		63097E7F2DECE38D00137CD1 /* FirebaseFunctions */ = {
			isa = XCSwiftPackageProductDependency;
			productName = FirebaseFunctions;
		};
		63097E812DECE38D00137CD1 /* FirebaseFunctionsCombine-Community */ = {
			isa = XCSwiftPackageProductDependency;
			productName = "FirebaseFunctionsCombine-Community";
		};
		63097E832DECE38D00137CD1 /* FirebaseInAppMessaging-Beta */ = {
			isa = XCSwiftPackageProductDependency;
			productName = "FirebaseInAppMessaging-Beta";
		};
		63097E852DECE38D00137CD1 /* FirebaseInstallations */ = {
			isa = XCSwiftPackageProductDependency;
			productName = FirebaseInstallations;
		};
		63097E872DECE38D00137CD1 /* FirebaseMLModelDownloader */ = {
			isa = XCSwiftPackageProductDependency;
			productName = FirebaseMLModelDownloader;
		};
		63097E892DECE38D00137CD1 /* FirebaseMessaging */ = {
			isa = XCSwiftPackageProductDependency;
			productName = FirebaseMessaging;
		};
		63097E8B2DECE38D00137CD1 /* FirebasePerformance */ = {
			isa = XCSwiftPackageProductDependency;
			productName = FirebasePerformance;
		};
		63097E8D2DECE38D00137CD1 /* FirebaseRemoteConfig */ = {
			isa = XCSwiftPackageProductDependency;
			productName = FirebaseRemoteConfig;
		};
		63097E8F2DECE38D00137CD1 /* FirebaseStorage */ = {
			isa = XCSwiftPackageProductDependency;
			productName = FirebaseStorage;
		};
		63097E912DECE38D00137CD1 /* FirebaseStorageCombine-Community */ = {
			isa = XCSwiftPackageProductDependency;
			productName = "FirebaseStorageCombine-Community";
		};
		63097E932DECE38D00137CD1 /* FirebaseVertexAI */ = {
			isa = XCSwiftPackageProductDependency;
			productName = FirebaseVertexAI;
		};
		63E5245D2E00DD890005F800 /* FirebaseAnalytics */ = {
			isa = XCSwiftPackageProductDependency;
			productName = FirebaseAnalytics;
		};
		63E5245F2E00DD890005F800 /* FirebaseAnalyticsOnDeviceConversion */ = {
			isa = XCSwiftPackageProductDependency;
			productName = FirebaseAnalyticsOnDeviceConversion;
		};
		63E524612E00DD890005F800 /* FirebaseAnalyticsWithoutAdIdSupport */ = {
			isa = XCSwiftPackageProductDependency;
			productName = FirebaseAnalyticsWithoutAdIdSupport;
		};
		63E524632E00DD890005F800 /* FirebaseAppCheck */ = {
			isa = XCSwiftPackageProductDependency;
			productName = FirebaseAppCheck;
		};
		63E524652E00DD890005F800 /* FirebaseAppDistribution-Beta */ = {
			isa = XCSwiftPackageProductDependency;
			productName = "FirebaseAppDistribution-Beta";
		};
		63E524672E00DD890005F800 /* FirebaseAuthCombine-Community */ = {
			isa = XCSwiftPackageProductDependency;
			productName = "FirebaseAuthCombine-Community";
		};
		63E524692E00DD890005F800 /* FirebaseCrashlytics */ = {
			isa = XCSwiftPackageProductDependency;
			productName = FirebaseCrashlytics;
		};
		63E5246B2E00DD890005F800 /* FirebaseDatabase */ = {
			isa = XCSwiftPackageProductDependency;
			productName = FirebaseDatabase;
		};
		63E5246D2E00DD890005F800 /* FirebaseDynamicLinks */ = {
			isa = XCSwiftPackageProductDependency;
			productName = FirebaseDynamicLinks;
		};
		63E5246F2E00DD890005F800 /* FirebaseFirestoreCombine-Community */ = {
			isa = XCSwiftPackageProductDependency;
			productName = "FirebaseFirestoreCombine-Community";
		};
		63E524712E00DD890005F800 /* FirebaseFunctions */ = {
			isa = XCSwiftPackageProductDependency;
			productName = FirebaseFunctions;
		};
		63E524732E00DD890005F800 /* FirebaseFunctionsCombine-Community */ = {
			isa = XCSwiftPackageProductDependency;
			productName = "FirebaseFunctionsCombine-Community";
		};
		63E524752E00DD890005F800 /* FirebaseInAppMessaging-Beta */ = {
			isa = XCSwiftPackageProductDependency;
			productName = "FirebaseInAppMessaging-Beta";
		};
		63E524772E00DD890005F800 /* FirebaseInstallations */ = {
			isa = XCSwiftPackageProductDependency;
			productName = FirebaseInstallations;
		};
		63E524792E00DD890005F800 /* FirebaseMLModelDownloader */ = {
			isa = XCSwiftPackageProductDependency;
			productName = FirebaseMLModelDownloader;
		};
		63E5247B2E00DD890005F800 /* FirebaseMessaging */ = {
			isa = XCSwiftPackageProductDependency;
			productName = FirebaseMessaging;
		};
		63E5247D2E00DD890005F800 /* FirebasePerformance */ = {
			isa = XCSwiftPackageProductDependency;
			productName = FirebasePerformance;
		};
		63E5247F2E00DD890005F800 /* FirebaseRemoteConfig */ = {
			isa = XCSwiftPackageProductDependency;
			productName = FirebaseRemoteConfig;
		};
		63E524812E00DD890005F800 /* FirebaseStorageCombine-Community */ = {
			isa = XCSwiftPackageProductDependency;
			productName = "FirebaseStorageCombine-Community";
		};
		63E524832E00DD890005F800 /* FirebaseVertexAI */ = {
			isa = XCSwiftPackageProductDependency;
			productName = FirebaseVertexAI;
		};
		63E524BA2E00F61D0005F800 /* FirebaseInAppMessaging-Beta */ = {
			isa = XCSwiftPackageProductDependency;
			productName = "FirebaseInAppMessaging-Beta";
		};
		63E524BC2E00F61D0005F800 /* FirebaseMessaging */ = {
			isa = XCSwiftPackageProductDependency;
			productName = FirebaseMessaging;
		};
/* End XCSwiftPackageProductDependency section */
	};
	rootObject = B5A5A0CE2DC3F5D900C7F5BE /* Project object */;
}
